// !$*UTF8*$!
{
	archiveVersion = 1;
	classes = {
	};
	objectVersion = 50;
	objects = {

/* Begin PBXBuildFile section */
		046123E53BE2EC6D236E64DD /* Pods_classicUITests.framework in Frameworks */ = {isa = PBXBuildFile; fileRef = AAA83B3E3491362B504B972D /* Pods_classicUITests.framework */; };
		180DB48820ACB68A0025A3DC /* SetScheduleViewColorSelectView.swift in Sources */ = {isa = PBXBuildFile; fileRef = 180DB48720ACB68A0025A3DC /* SetScheduleViewColorSelectView.swift */; };
		180DB48A20ACB6970025A3DC /* SetScheduleViewColorSelectView.xib in Resources */ = {isa = PBXBuildFile; fileRef = 180DB48920ACB6970025A3DC /* SetScheduleViewColorSelectView.xib */; };
		180DB48C20ACBC5A0025A3DC /* SetScheduleViewColorSelectViewCell.swift in Sources */ = {isa = PBXBuildFile; fileRef = 180DB48B20ACBC5A0025A3DC /* SetScheduleViewColorSelectViewCell.swift */; };
		180DB48F20ACBC770025A3DC /* SetScheduleViewColorSelectViewCell.xib in Resources */ = {isa = PBXBuildFile; fileRef = 180DB48E20ACBC770025A3DC /* SetScheduleViewColorSelectViewCell.xib */; };
		180DB49220ACD01F0025A3DC /* SetScheduleManager.swift in Sources */ = {isa = PBXBuildFile; fileRef = 180DB49120ACD01F0025A3DC /* SetScheduleManager.swift */; };
		18438EB1209273F90076BCB3 /* ClassMarkCollectionViewCell.xcassets in Resources */ = {isa = PBXBuildFile; fileRef = 18438EB0209273F90076BCB3 /* ClassMarkCollectionViewCell.xcassets */; };
		1846BD4D20B0B78C00352063 /* ScheduleViewController.swift in Sources */ = {isa = PBXBuildFile; fileRef = 1846BD4C20B0B78C00352063 /* ScheduleViewController.swift */; };
		1846BD4F20B0B7B900352063 /* ScheduleViewController.storyboard in Resources */ = {isa = PBXBuildFile; fileRef = 1846BD4E20B0B7B900352063 /* ScheduleViewController.storyboard */; };
		1846BD5720B0BA4F00352063 /* ScheduleNumberCollectionViewCell.xib in Resources */ = {isa = PBXBuildFile; fileRef = 1846BD5220B0BA4F00352063 /* ScheduleNumberCollectionViewCell.xib */; };
		1846BD5820B0BA4F00352063 /* ScheduleNumberCollectionViewCell.swift in Sources */ = {isa = PBXBuildFile; fileRef = 1846BD5320B0BA4F00352063 /* ScheduleNumberCollectionViewCell.swift */; };
		1846BD5920B0BA4F00352063 /* ScheduleDotwCollectionViewCell.xib in Resources */ = {isa = PBXBuildFile; fileRef = 1846BD5520B0BA4F00352063 /* ScheduleDotwCollectionViewCell.xib */; };
		1846BD5A20B0BA4F00352063 /* ScheduleDotwCollectionViewCell.swift in Sources */ = {isa = PBXBuildFile; fileRef = 1846BD5620B0BA4F00352063 /* ScheduleDotwCollectionViewCell.swift */; };
		1846BD5E20B0BB9900352063 /* ScheduleCollectionViewCell.xib in Resources */ = {isa = PBXBuildFile; fileRef = 1846BD5C20B0BB9900352063 /* ScheduleCollectionViewCell.xib */; };
		1846BD5F20B0BB9900352063 /* ScheduleCollectionViewCell.swift in Sources */ = {isa = PBXBuildFile; fileRef = 1846BD5D20B0BB9900352063 /* ScheduleCollectionViewCell.swift */; };
		1846BD6120B0C74600352063 /* ScheduleDateManager.swift in Sources */ = {isa = PBXBuildFile; fileRef = 1846BD6020B0C74600352063 /* ScheduleDateManager.swift */; };
		1846BD6920B0CD0300352063 /* ControlViewView.swift in Sources */ = {isa = PBXBuildFile; fileRef = 1846BD6820B0CD0300352063 /* ControlViewView.swift */; };
		1846BD6B20B0CD0F00352063 /* ControlViewView.xib in Resources */ = {isa = PBXBuildFile; fileRef = 1846BD6A20B0CD0F00352063 /* ControlViewView.xib */; };
		1846BD6E20B0DE3300352063 /* CalenderViewController.storyboard in Resources */ = {isa = PBXBuildFile; fileRef = 1846BD6D20B0DE3300352063 /* CalenderViewController.storyboard */; };
		1846BD7020B0F0D000352063 /* ControlViewView.xcassets in Resources */ = {isa = PBXBuildFile; fileRef = 1846BD6F20B0F0D000352063 /* ControlViewView.xcassets */; };
		1846BD7220B0F6E600352063 /* FirstMailLoadViewController.storyboard in Resources */ = {isa = PBXBuildFile; fileRef = 1846BD7120B0F6E600352063 /* FirstMailLoadViewController.storyboard */; };
		1846BD7420B0F71F00352063 /* LogInViewController.storyboard in Resources */ = {isa = PBXBuildFile; fileRef = 1846BD7320B0F71F00352063 /* LogInViewController.storyboard */; };
		1846BD7620B0F75C00352063 /* FirstViewController.storyboard in Resources */ = {isa = PBXBuildFile; fileRef = 1846BD7520B0F75C00352063 /* FirstViewController.storyboard */; };
		1846BD7820B1464C00352063 /* SettingViewController.swift in Sources */ = {isa = PBXBuildFile; fileRef = 1846BD7720B1464C00352063 /* SettingViewController.swift */; };
		1846BD7A20B1465600352063 /* SettingViewController.storyboard in Resources */ = {isa = PBXBuildFile; fileRef = 1846BD7920B1465600352063 /* SettingViewController.storyboard */; };
		1846BD7D20B1DA3700352063 /* Month_DayClassScheduleView.swift in Sources */ = {isa = PBXBuildFile; fileRef = 1846BD7C20B1DA3700352063 /* Month_DayClassScheduleView.swift */; };
		1846BD7F20B1DA5300352063 /* Month_DayClassScheduleView.xib in Resources */ = {isa = PBXBuildFile; fileRef = 1846BD7E20B1DA5300352063 /* Month_DayClassScheduleView.xib */; };
		1846BD8220B1DC7500352063 /* Month_DayClassScheduleViewCell.swift in Sources */ = {isa = PBXBuildFile; fileRef = 1846BD8120B1DC7500352063 /* Month_DayClassScheduleViewCell.swift */; };
		1846BD8420B1DC8100352063 /* Month_DayClassScheduleViewCell.xib in Resources */ = {isa = PBXBuildFile; fileRef = 1846BD8320B1DC8100352063 /* Month_DayClassScheduleViewCell.xib */; };
		1846BD8720B3B78E00352063 /* Month_DayClassScheduleViewChengedCell.swift in Sources */ = {isa = PBXBuildFile; fileRef = 1846BD8620B3B78E00352063 /* Month_DayClassScheduleViewChengedCell.swift */; };
		1846BD8920B3B79B00352063 /* Month_DayClassScheduleViewChengedCell.xib in Resources */ = {isa = PBXBuildFile; fileRef = 1846BD8820B3B79B00352063 /* Month_DayClassScheduleViewChengedCell.xib */; };
		1846BD8C20B3B99400352063 /* Month_DayClassScheduleViewChengedCell.xcassets in Resources */ = {isa = PBXBuildFile; fileRef = 1846BD8B20B3B99400352063 /* Month_DayClassScheduleViewChengedCell.xcassets */; };
		1846BD8E20B3DBCB00352063 /* ScheduleCollectionViewChangedCell.swift in Sources */ = {isa = PBXBuildFile; fileRef = 1846BD8D20B3DBCB00352063 /* ScheduleCollectionViewChangedCell.swift */; };
		1846BD9020B3DBD700352063 /* ScheduleCollectionViewChangedCell.xib in Resources */ = {isa = PBXBuildFile; fileRef = 1846BD8F20B3DBD700352063 /* ScheduleCollectionViewChangedCell.xib */; };
		1846BD9320B3DC4300352063 /* ScheduleCollectionViewChangedCell.xcassets in Resources */ = {isa = PBXBuildFile; fileRef = 1846BD9220B3DC4300352063 /* ScheduleCollectionViewChangedCell.xcassets */; };
		1846BD9520B4C70600352063 /* AdMobView.swift in Sources */ = {isa = PBXBuildFile; fileRef = 1846BD9420B4C70600352063 /* AdMobView.swift */; };
		1846BD9720B4CB9B00352063 /* AdSupport.framework in Frameworks */ = {isa = PBXBuildFile; fileRef = 1846BD9620B4CB9B00352063 /* AdSupport.framework */; };
		1846BD9920B4CBA300352063 /* AudioToolbox.framework in Frameworks */ = {isa = PBXBuildFile; fileRef = 1846BD9820B4CBA300352063 /* AudioToolbox.framework */; };
		1846BD9B20B4CBA900352063 /* AVFoundation.framework in Frameworks */ = {isa = PBXBuildFile; fileRef = 1846BD9A20B4CBA900352063 /* AVFoundation.framework */; };
		1846BD9D20B4CBB200352063 /* CoreGraphics.framework in Frameworks */ = {isa = PBXBuildFile; fileRef = 1846BD9C20B4CBB100352063 /* CoreGraphics.framework */; };
		1846BD9F20B4CBBA00352063 /* CoreMedia.framework in Frameworks */ = {isa = PBXBuildFile; fileRef = 1846BD9E20B4CBBA00352063 /* CoreMedia.framework */; };
		1846BDA120B4CBC000352063 /* CoreTelephony.framework in Frameworks */ = {isa = PBXBuildFile; fileRef = 1846BDA020B4CBC000352063 /* CoreTelephony.framework */; };
		1846BDA320B4CBCF00352063 /* EventKit.framework in Frameworks */ = {isa = PBXBuildFile; fileRef = 1846BDA220B4CBCE00352063 /* EventKit.framework */; };
		1846BDA520B4CBD700352063 /* EventKitUI.framework in Frameworks */ = {isa = PBXBuildFile; fileRef = 1846BDA420B4CBD700352063 /* EventKitUI.framework */; };
		1846BDA720B4CBDE00352063 /* MessageUI.framework in Frameworks */ = {isa = PBXBuildFile; fileRef = 1846BDA620B4CBDE00352063 /* MessageUI.framework */; };
		1846BDA920B4CBE500352063 /* StoreKit.framework in Frameworks */ = {isa = PBXBuildFile; fileRef = 1846BDA820B4CBE500352063 /* StoreKit.framework */; };
		1846BDAB20B4CBEC00352063 /* SystemConfiguration.framework in Frameworks */ = {isa = PBXBuildFile; fileRef = 1846BDAA20B4CBEC00352063 /* SystemConfiguration.framework */; };
		1846BDAD20B4CDFC00352063 /* AdMobView.xib in Resources */ = {isa = PBXBuildFile; fileRef = 1846BDAC20B4CDFC00352063 /* AdMobView.xib */; };
		1846BDB020B63FA900352063 /* AutoLayoutView.swift in Sources */ = {isa = PBXBuildFile; fileRef = 1846BDAF20B63FA900352063 /* AutoLayoutView.swift */; };
		1846BDB220B6614800352063 /* ShareScheduleViewController.swift in Sources */ = {isa = PBXBuildFile; fileRef = 1846BDB120B6614800352063 /* ShareScheduleViewController.swift */; };
		1846BDB420B6617200352063 /* ShareScheduleViewController.storyboard in Resources */ = {isa = PBXBuildFile; fileRef = 1846BDB320B6617200352063 /* ShareScheduleViewController.storyboard */; };
		1846BDB720B767F900352063 /* ShareScheduleViewController.xcassets in Resources */ = {isa = PBXBuildFile; fileRef = 1846BDB620B767F900352063 /* ShareScheduleViewController.xcassets */; };
		1846BDB920B76DF800352063 /* RecieveScheduleView.swift in Sources */ = {isa = PBXBuildFile; fileRef = 1846BDB820B76DF800352063 /* RecieveScheduleView.swift */; };
		1846BDBE20B76E2100352063 /* RecieveScheduleView.xcassets in Resources */ = {isa = PBXBuildFile; fileRef = 1846BDBD20B76E2100352063 /* RecieveScheduleView.xcassets */; };
		1846BDBF20BA1D3800352063 /* RecieveScheduleView.xib in Resources */ = {isa = PBXBuildFile; fileRef = 1846BDC120BA1D3800352063 /* RecieveScheduleView.xib */; };
		184EF39620918C49009387A0 /* SchoolType.swift in Sources */ = {isa = PBXBuildFile; fileRef = 184EF39520918C49009387A0 /* SchoolType.swift */; };
		184EF39C2091AD56009387A0 /* GetMail_Toyohashi.swift in Sources */ = {isa = PBXBuildFile; fileRef = 184EF39B2091AD56009387A0 /* GetMail_Toyohashi.swift */; };
		184EF3A02091B5C7009387A0 /* GetMail_Toba.swift in Sources */ = {isa = PBXBuildFile; fileRef = 184EF39F2091B5C7009387A0 /* GetMail_Toba.swift */; };
		1851CE0C20D2360A00E9FA08 /* GetMail_Demo.swift in Sources */ = {isa = PBXBuildFile; fileRef = 1851CE0B20D2360A00E9FA08 /* GetMail_Demo.swift */; };
		185FEE4820846E8000983663 /* AppDelegate.swift in Sources */ = {isa = PBXBuildFile; fileRef = 185FEE4720846E8000983663 /* AppDelegate.swift */; };
		185FEE4F20846E8100983663 /* Assets.xcassets in Resources */ = {isa = PBXBuildFile; fileRef = 185FEE4E20846E8100983663 /* Assets.xcassets */; };
		185FEE5220846E8100983663 /* LaunchScreen.storyboard in Resources */ = {isa = PBXBuildFile; fileRef = 185FEE5020846E8100983663 /* LaunchScreen.storyboard */; };
		185FEE5D20846E8100983663 /* classicTests.swift in Sources */ = {isa = PBXBuildFile; fileRef = 185FEE5C20846E8100983663 /* classicTests.swift */; };
		185FEE6820846E8100983663 /* classicUITests.swift in Sources */ = {isa = PBXBuildFile; fileRef = 185FEE6720846E8100983663 /* classicUITests.swift */; };
		185FEE7820847A8900983663 /* LogInViewController.swift in Sources */ = {isa = PBXBuildFile; fileRef = 185FEE7720847A8900983663 /* LogInViewController.swift */; };
		185FEE7A20847CE200983663 /* LogInRequest.swift in Sources */ = {isa = PBXBuildFile; fileRef = 185FEE7920847CE200983663 /* LogInRequest.swift */; };
		1864CD1222A48E870074774E /* Config.swift in Sources */ = {isa = PBXBuildFile; fileRef = 1864CD1122A48E870074774E /* Config.swift */; };
		18660E8B212A4EA5008CE80A /* ScheduleDetilesView.swift in Sources */ = {isa = PBXBuildFile; fileRef = 18660E8A212A4EA5008CE80A /* ScheduleDetilesView.swift */; };
		18660E8D212A4EB3008CE80A /* ScheduleDetilesView.xib in Resources */ = {isa = PBXBuildFile; fileRef = 18660E8C212A4EB3008CE80A /* ScheduleDetilesView.xib */; };
		188FEB782089AC960053D2D2 /* DayoftheweekCollectionViewCell.xib in Resources */ = {isa = PBXBuildFile; fileRef = 188FEB772089AC960053D2D2 /* DayoftheweekCollectionViewCell.xib */; };
		188FEB7A2089ACDD0053D2D2 /* DayoftheweekCollectionViewCell.swift in Sources */ = {isa = PBXBuildFile; fileRef = 188FEB792089ACDD0053D2D2 /* DayoftheweekCollectionViewCell.swift */; };
		188FEB7C208AB0650053D2D2 /* GetMailManager.swift in Sources */ = {isa = PBXBuildFile; fileRef = 188FEB7B208AB0650053D2D2 /* GetMailManager.swift */; };
		188FEB8B208AEFF30053D2D2 /* ClassData.swift in Sources */ = {isa = PBXBuildFile; fileRef = 188FEB8A208AEFF30053D2D2 /* ClassData.swift */; };
		188FEB8D208D0D3A0053D2D2 /* ClassMarkOverCollectionViewCell.xib in Resources */ = {isa = PBXBuildFile; fileRef = 188FEB8C208D0D3A0053D2D2 /* ClassMarkOverCollectionViewCell.xib */; };
		188FEB8F208D0DAA0053D2D2 /* ClassMarkOverCollectionViewCell.swift in Sources */ = {isa = PBXBuildFile; fileRef = 188FEB8E208D0DAA0053D2D2 /* ClassMarkOverCollectionViewCell.swift */; };
		1890C914209E850000C7306C /* FirstMailLoadViewController.swift in Sources */ = {isa = PBXBuildFile; fileRef = 1890C913209E850000C7306C /* FirstMailLoadViewController.swift */; };
		1890C916209E853E00C7306C /* FirstMailLoadViewController.xcassets in Resources */ = {isa = PBXBuildFile; fileRef = 1890C915209E853E00C7306C /* FirstMailLoadViewController.xcassets */; };
		1890C919209EAE3000C7306C /* LogInViewController.xcassets in Resources */ = {isa = PBXBuildFile; fileRef = 1890C918209EAE3000C7306C /* LogInViewController.xcassets */; };
		18B8344520C9FCD0001CA92A /* ScheduleDotwView.swift in Sources */ = {isa = PBXBuildFile; fileRef = 18B8344420C9FCD0001CA92A /* ScheduleDotwView.swift */; };
		18B8344720C9FD12001CA92A /* ScheduleDotwView.xib in Resources */ = {isa = PBXBuildFile; fileRef = 18B8344620C9FD12001CA92A /* ScheduleDotwView.xib */; };
		18B8344A20CA03E2001CA92A /* ScheduleView.swift in Sources */ = {isa = PBXBuildFile; fileRef = 18B8344920CA03E2001CA92A /* ScheduleView.swift */; };
		18B8344C20CA03EC001CA92A /* ScheduleView.xib in Resources */ = {isa = PBXBuildFile; fileRef = 18B8344B20CA03EC001CA92A /* ScheduleView.xib */; };
		18C2FF8820BCCB920032FCD5 /* FirstViewController.xcassets in Resources */ = {isa = PBXBuildFile; fileRef = 18C2FF8720BCCB920032FCD5 /* FirstViewController.xcassets */; };
		18CDEAED2084844500C627E7 /* SVRadialGradientLayer.m in Sources */ = {isa = PBXBuildFile; fileRef = 18CDEAE32084844500C627E7 /* SVRadialGradientLayer.m */; };
		18CDEAEE2084844500C627E7 /* SVProgressAnimatedView.m in Sources */ = {isa = PBXBuildFile; fileRef = 18CDEAE62084844500C627E7 /* SVProgressAnimatedView.m */; };
		18CDEAEF2084844500C627E7 /* SVProgressHUD.m in Sources */ = {isa = PBXBuildFile; fileRef = 18CDEAE92084844500C627E7 /* SVProgressHUD.m */; };
		18CDEAF02084844500C627E7 /* SVIndefiniteAnimatedView.m in Sources */ = {isa = PBXBuildFile; fileRef = 18CDEAEA2084844500C627E7 /* SVIndefiniteAnimatedView.m */; };
		18CDEAF12084844500C627E7 /* SVProgressHUD.bundle in Resources */ = {isa = PBXBuildFile; fileRef = 18CDEAEB2084844500C627E7 /* SVProgressHUD.bundle */; };
		18CDEAF52085BA0500C627E7 /* CalenderViewController.swift in Sources */ = {isa = PBXBuildFile; fileRef = 18CDEAF42085BA0500C627E7 /* CalenderViewController.swift */; };
		18CDEAF72085BAAD00C627E7 /* MonthCollectionViewCell.swift in Sources */ = {isa = PBXBuildFile; fileRef = 18CDEAF62085BAAD00C627E7 /* MonthCollectionViewCell.swift */; };
		18CDEAF92085BC9800C627E7 /* MonthCollectionViewCell.xib in Resources */ = {isa = PBXBuildFile; fileRef = 18CDEAF82085BC9800C627E7 /* MonthCollectionViewCell.xib */; };
		18CDEAFB2085BF0E00C627E7 /* DayCollectionViewCell.swift in Sources */ = {isa = PBXBuildFile; fileRef = 18CDEAFA2085BF0E00C627E7 /* DayCollectionViewCell.swift */; };
		18CDEAFD2085BF3B00C627E7 /* DayCollectionViewCell.xib in Resources */ = {isa = PBXBuildFile; fileRef = 18CDEAFC2085BF3B00C627E7 /* DayCollectionViewCell.xib */; };
		18CDEAFF2085C01800C627E7 /* ClassMarkCollectionViewCell.swift in Sources */ = {isa = PBXBuildFile; fileRef = 18CDEAFE2085C01800C627E7 /* ClassMarkCollectionViewCell.swift */; };
		18CDEB012085C15C00C627E7 /* ClassMarkCollectionViewCell.xib in Resources */ = {isa = PBXBuildFile; fileRef = 18CDEB002085C15C00C627E7 /* ClassMarkCollectionViewCell.xib */; };
		18CDEB042087124800C627E7 /* DateManager.swift in Sources */ = {isa = PBXBuildFile; fileRef = 18CDEB032087124800C627E7 /* DateManager.swift */; };
		18E664EB20A8E259005F283D /* AgreementViewController.swift in Sources */ = {isa = PBXBuildFile; fileRef = 18E664EA20A8E259005F283D /* AgreementViewController.swift */; };
		18E664F020A8F0CF005F283D /* agreement-ja.txt in Resources */ = {isa = PBXBuildFile; fileRef = 18E664EF20A8F0CE005F283D /* agreement-ja.txt */; };
		18E664F220A8FD42005F283D /* agreement-en.txt in Resources */ = {isa = PBXBuildFile; fileRef = 18E664F120A8FD42005F283D /* agreement-en.txt */; };
		18E664F520A8FEB4005F283D /* AgreementViewController.storyboard in Resources */ = {isa = PBXBuildFile; fileRef = 18E664F720A8FEB4005F283D /* AgreementViewController.storyboard */; };
		18E6650020A93B72005F283D /* SetScheduleViewController.swift in Sources */ = {isa = PBXBuildFile; fileRef = 18E664FF20A93B72005F283D /* SetScheduleViewController.swift */; };
		18E6650220A93B81005F283D /* SetScheduleViewController.storyboard in Resources */ = {isa = PBXBuildFile; fileRef = 18E6650120A93B81005F283D /* SetScheduleViewController.storyboard */; };
		18E6650520A9583A005F283D /* SetScheduleCollectionViewCell.swift in Sources */ = {isa = PBXBuildFile; fileRef = 18E6650420A9583A005F283D /* SetScheduleCollectionViewCell.swift */; };
		18E6650720A95846005F283D /* SetScheduleCollectionViewCell.xib in Resources */ = {isa = PBXBuildFile; fileRef = 18E6650620A95846005F283D /* SetScheduleCollectionViewCell.xib */; };
		18E6650A20AA56B6005F283D /* SetScheduleDayoftheweekCollectionViewCell.swift in Sources */ = {isa = PBXBuildFile; fileRef = 18E6650920AA56B6005F283D /* SetScheduleDayoftheweekCollectionViewCell.swift */; };
		18E6650C20AA56C7005F283D /* SetScheduleDayoftheweekCollectionViewCell.xib in Resources */ = {isa = PBXBuildFile; fileRef = 18E6650B20AA56C7005F283D /* SetScheduleDayoftheweekCollectionViewCell.xib */; };
		18E6650F20AA5AE3005F283D /* SetScheduleNumberCollectionViewCell.swift in Sources */ = {isa = PBXBuildFile; fileRef = 18E6650E20AA5AE3005F283D /* SetScheduleNumberCollectionViewCell.swift */; };
		18E6651120AA5AF3005F283D /* SetScheduleNumberCollectionViewCell.xib in Resources */ = {isa = PBXBuildFile; fileRef = 18E6651020AA5AF3005F283D /* SetScheduleNumberCollectionViewCell.xib */; };
		18E6651420AA6C03005F283D /* SetScheduleCollectionViewCell.xcassets in Resources */ = {isa = PBXBuildFile; fileRef = 18E6651320AA6C03005F283D /* SetScheduleCollectionViewCell.xcassets */; };
		18E6651620AA779B005F283D /* SetScheduleView.swift in Sources */ = {isa = PBXBuildFile; fileRef = 18E6651520AA779B005F283D /* SetScheduleView.swift */; };
		18E6651820AA77AD005F283D /* SetScheduleView.xib in Resources */ = {isa = PBXBuildFile; fileRef = 18E6651720AA77AD005F283D /* SetScheduleView.xib */; };
		18F2A1EA208E879D000B388D /* Keychain.swift in Sources */ = {isa = PBXBuildFile; fileRef = 18F2A1E9208E879D000B388D /* Keychain.swift */; };
		18F2A1F8208F0211000B388D /* FirstViewController.swift in Sources */ = {isa = PBXBuildFile; fileRef = 18F2A1F7208F0210000B388D /* FirstViewController.swift */; };
		BDB057A6DF0C758B28576526 /* Pods_classicTests.framework in Frameworks */ = {isa = PBXBuildFile; fileRef = F85553F6CACDC0482E163047 /* Pods_classicTests.framework */; };
		FEDC2C554E20822FBD3A1839 /* Pods_classic.framework in Frameworks */ = {isa = PBXBuildFile; fileRef = B7E32A5DA4A64351FAF04376 /* Pods_classic.framework */; };
/* End PBXBuildFile section */

/* Begin PBXContainerItemProxy section */
		185FEE5920846E8100983663 /* PBXContainerItemProxy */ = {
			isa = PBXContainerItemProxy;
			containerPortal = 185FEE3C20846E8000983663 /* Project object */;
			proxyType = 1;
			remoteGlobalIDString = 185FEE4320846E8000983663;
			remoteInfo = "toyohashi-class-management";
		};
		185FEE6420846E8100983663 /* PBXContainerItemProxy */ = {
			isa = PBXContainerItemProxy;
			containerPortal = 185FEE3C20846E8000983663 /* Project object */;
			proxyType = 1;
			remoteGlobalIDString = 185FEE4320846E8000983663;
			remoteInfo = "toyohashi-class-management";
		};
/* End PBXContainerItemProxy section */

/* Begin PBXFileReference section */
		180DB48720ACB68A0025A3DC /* SetScheduleViewColorSelectView.swift */ = {isa = PBXFileReference; lastKnownFileType = sourcecode.swift; path = SetScheduleViewColorSelectView.swift; sourceTree = "<group>"; };
		180DB48920ACB6970025A3DC /* SetScheduleViewColorSelectView.xib */ = {isa = PBXFileReference; lastKnownFileType = file.xib; path = SetScheduleViewColorSelectView.xib; sourceTree = "<group>"; };
		180DB48B20ACBC5A0025A3DC /* SetScheduleViewColorSelectViewCell.swift */ = {isa = PBXFileReference; lastKnownFileType = sourcecode.swift; path = SetScheduleViewColorSelectViewCell.swift; sourceTree = "<group>"; };
		180DB48E20ACBC770025A3DC /* SetScheduleViewColorSelectViewCell.xib */ = {isa = PBXFileReference; lastKnownFileType = file.xib; path = SetScheduleViewColorSelectViewCell.xib; sourceTree = "<group>"; };
		180DB49120ACD01F0025A3DC /* SetScheduleManager.swift */ = {isa = PBXFileReference; lastKnownFileType = sourcecode.swift; path = SetScheduleManager.swift; sourceTree = "<group>"; };
		18438EB0209273F90076BCB3 /* ClassMarkCollectionViewCell.xcassets */ = {isa = PBXFileReference; lastKnownFileType = folder.assetcatalog; path = ClassMarkCollectionViewCell.xcassets; sourceTree = "<group>"; };
		1846BD4C20B0B78C00352063 /* ScheduleViewController.swift */ = {isa = PBXFileReference; lastKnownFileType = sourcecode.swift; path = ScheduleViewController.swift; sourceTree = "<group>"; };
		1846BD4E20B0B7B900352063 /* ScheduleViewController.storyboard */ = {isa = PBXFileReference; lastKnownFileType = file.storyboard; path = ScheduleViewController.storyboard; sourceTree = "<group>"; };
		1846BD5220B0BA4F00352063 /* ScheduleNumberCollectionViewCell.xib */ = {isa = PBXFileReference; fileEncoding = 4; lastKnownFileType = file.xib; path = ScheduleNumberCollectionViewCell.xib; sourceTree = "<group>"; };
		1846BD5320B0BA4F00352063 /* ScheduleNumberCollectionViewCell.swift */ = {isa = PBXFileReference; fileEncoding = 4; lastKnownFileType = sourcecode.swift; path = ScheduleNumberCollectionViewCell.swift; sourceTree = "<group>"; };
		1846BD5520B0BA4F00352063 /* ScheduleDotwCollectionViewCell.xib */ = {isa = PBXFileReference; fileEncoding = 4; lastKnownFileType = file.xib; path = ScheduleDotwCollectionViewCell.xib; sourceTree = "<group>"; };
		1846BD5620B0BA4F00352063 /* ScheduleDotwCollectionViewCell.swift */ = {isa = PBXFileReference; fileEncoding = 4; lastKnownFileType = sourcecode.swift; path = ScheduleDotwCollectionViewCell.swift; sourceTree = "<group>"; };
		1846BD5C20B0BB9900352063 /* ScheduleCollectionViewCell.xib */ = {isa = PBXFileReference; fileEncoding = 4; lastKnownFileType = file.xib; path = ScheduleCollectionViewCell.xib; sourceTree = "<group>"; };
		1846BD5D20B0BB9900352063 /* ScheduleCollectionViewCell.swift */ = {isa = PBXFileReference; fileEncoding = 4; lastKnownFileType = sourcecode.swift; path = ScheduleCollectionViewCell.swift; sourceTree = "<group>"; };
		1846BD6020B0C74600352063 /* ScheduleDateManager.swift */ = {isa = PBXFileReference; lastKnownFileType = sourcecode.swift; path = ScheduleDateManager.swift; sourceTree = "<group>"; };
		1846BD6820B0CD0300352063 /* ControlViewView.swift */ = {isa = PBXFileReference; lastKnownFileType = sourcecode.swift; path = ControlViewView.swift; sourceTree = "<group>"; };
		1846BD6A20B0CD0F00352063 /* ControlViewView.xib */ = {isa = PBXFileReference; lastKnownFileType = file.xib; path = ControlViewView.xib; sourceTree = "<group>"; };
		1846BD6D20B0DE3300352063 /* CalenderViewController.storyboard */ = {isa = PBXFileReference; lastKnownFileType = file.storyboard; path = CalenderViewController.storyboard; sourceTree = "<group>"; };
		1846BD6F20B0F0D000352063 /* ControlViewView.xcassets */ = {isa = PBXFileReference; lastKnownFileType = folder.assetcatalog; path = ControlViewView.xcassets; sourceTree = "<group>"; };
		1846BD7120B0F6E600352063 /* FirstMailLoadViewController.storyboard */ = {isa = PBXFileReference; lastKnownFileType = file.storyboard; path = FirstMailLoadViewController.storyboard; sourceTree = "<group>"; };
		1846BD7320B0F71F00352063 /* LogInViewController.storyboard */ = {isa = PBXFileReference; lastKnownFileType = file.storyboard; path = LogInViewController.storyboard; sourceTree = "<group>"; };
		1846BD7520B0F75C00352063 /* FirstViewController.storyboard */ = {isa = PBXFileReference; lastKnownFileType = file.storyboard; path = FirstViewController.storyboard; sourceTree = "<group>"; };
		1846BD7720B1464C00352063 /* SettingViewController.swift */ = {isa = PBXFileReference; lastKnownFileType = sourcecode.swift; path = SettingViewController.swift; sourceTree = "<group>"; };
		1846BD7920B1465600352063 /* SettingViewController.storyboard */ = {isa = PBXFileReference; lastKnownFileType = file.storyboard; path = SettingViewController.storyboard; sourceTree = "<group>"; };
		1846BD7C20B1DA3700352063 /* Month_DayClassScheduleView.swift */ = {isa = PBXFileReference; lastKnownFileType = sourcecode.swift; path = Month_DayClassScheduleView.swift; sourceTree = "<group>"; };
		1846BD7E20B1DA5300352063 /* Month_DayClassScheduleView.xib */ = {isa = PBXFileReference; lastKnownFileType = file.xib; path = Month_DayClassScheduleView.xib; sourceTree = "<group>"; };
		1846BD8120B1DC7500352063 /* Month_DayClassScheduleViewCell.swift */ = {isa = PBXFileReference; lastKnownFileType = sourcecode.swift; path = Month_DayClassScheduleViewCell.swift; sourceTree = "<group>"; };
		1846BD8320B1DC8100352063 /* Month_DayClassScheduleViewCell.xib */ = {isa = PBXFileReference; lastKnownFileType = file.xib; path = Month_DayClassScheduleViewCell.xib; sourceTree = "<group>"; };
		1846BD8620B3B78E00352063 /* Month_DayClassScheduleViewChengedCell.swift */ = {isa = PBXFileReference; lastKnownFileType = sourcecode.swift; path = Month_DayClassScheduleViewChengedCell.swift; sourceTree = "<group>"; };
		1846BD8820B3B79B00352063 /* Month_DayClassScheduleViewChengedCell.xib */ = {isa = PBXFileReference; lastKnownFileType = file.xib; path = Month_DayClassScheduleViewChengedCell.xib; sourceTree = "<group>"; };
		1846BD8B20B3B99400352063 /* Month_DayClassScheduleViewChengedCell.xcassets */ = {isa = PBXFileReference; lastKnownFileType = folder.assetcatalog; path = Month_DayClassScheduleViewChengedCell.xcassets; sourceTree = "<group>"; };
		1846BD8D20B3DBCB00352063 /* ScheduleCollectionViewChangedCell.swift */ = {isa = PBXFileReference; lastKnownFileType = sourcecode.swift; path = ScheduleCollectionViewChangedCell.swift; sourceTree = "<group>"; };
		1846BD8F20B3DBD700352063 /* ScheduleCollectionViewChangedCell.xib */ = {isa = PBXFileReference; lastKnownFileType = file.xib; path = ScheduleCollectionViewChangedCell.xib; sourceTree = "<group>"; };
		1846BD9220B3DC4300352063 /* ScheduleCollectionViewChangedCell.xcassets */ = {isa = PBXFileReference; lastKnownFileType = folder.assetcatalog; path = ScheduleCollectionViewChangedCell.xcassets; sourceTree = "<group>"; };
		1846BD9420B4C70600352063 /* AdMobView.swift */ = {isa = PBXFileReference; lastKnownFileType = sourcecode.swift; path = AdMobView.swift; sourceTree = "<group>"; };
		1846BD9620B4CB9B00352063 /* AdSupport.framework */ = {isa = PBXFileReference; lastKnownFileType = wrapper.framework; name = AdSupport.framework; path = System/Library/Frameworks/AdSupport.framework; sourceTree = SDKROOT; };
		1846BD9820B4CBA300352063 /* AudioToolbox.framework */ = {isa = PBXFileReference; lastKnownFileType = wrapper.framework; name = AudioToolbox.framework; path = System/Library/Frameworks/AudioToolbox.framework; sourceTree = SDKROOT; };
		1846BD9A20B4CBA900352063 /* AVFoundation.framework */ = {isa = PBXFileReference; lastKnownFileType = wrapper.framework; name = AVFoundation.framework; path = System/Library/Frameworks/AVFoundation.framework; sourceTree = SDKROOT; };
		1846BD9C20B4CBB100352063 /* CoreGraphics.framework */ = {isa = PBXFileReference; lastKnownFileType = wrapper.framework; name = CoreGraphics.framework; path = System/Library/Frameworks/CoreGraphics.framework; sourceTree = SDKROOT; };
		1846BD9E20B4CBBA00352063 /* CoreMedia.framework */ = {isa = PBXFileReference; lastKnownFileType = wrapper.framework; name = CoreMedia.framework; path = System/Library/Frameworks/CoreMedia.framework; sourceTree = SDKROOT; };
		1846BDA020B4CBC000352063 /* CoreTelephony.framework */ = {isa = PBXFileReference; lastKnownFileType = wrapper.framework; name = CoreTelephony.framework; path = System/Library/Frameworks/CoreTelephony.framework; sourceTree = SDKROOT; };
		1846BDA220B4CBCE00352063 /* EventKit.framework */ = {isa = PBXFileReference; lastKnownFileType = wrapper.framework; name = EventKit.framework; path = System/Library/Frameworks/EventKit.framework; sourceTree = SDKROOT; };
		1846BDA420B4CBD700352063 /* EventKitUI.framework */ = {isa = PBXFileReference; lastKnownFileType = wrapper.framework; name = EventKitUI.framework; path = System/Library/Frameworks/EventKitUI.framework; sourceTree = SDKROOT; };
		1846BDA620B4CBDE00352063 /* MessageUI.framework */ = {isa = PBXFileReference; lastKnownFileType = wrapper.framework; name = MessageUI.framework; path = System/Library/Frameworks/MessageUI.framework; sourceTree = SDKROOT; };
		1846BDA820B4CBE500352063 /* StoreKit.framework */ = {isa = PBXFileReference; lastKnownFileType = wrapper.framework; name = StoreKit.framework; path = System/Library/Frameworks/StoreKit.framework; sourceTree = SDKROOT; };
		1846BDAA20B4CBEC00352063 /* SystemConfiguration.framework */ = {isa = PBXFileReference; lastKnownFileType = wrapper.framework; name = SystemConfiguration.framework; path = System/Library/Frameworks/SystemConfiguration.framework; sourceTree = SDKROOT; };
		1846BDAC20B4CDFC00352063 /* AdMobView.xib */ = {isa = PBXFileReference; lastKnownFileType = file.xib; path = AdMobView.xib; sourceTree = "<group>"; };
		1846BDAF20B63FA900352063 /* AutoLayoutView.swift */ = {isa = PBXFileReference; lastKnownFileType = sourcecode.swift; path = AutoLayoutView.swift; sourceTree = "<group>"; };
		1846BDB120B6614800352063 /* ShareScheduleViewController.swift */ = {isa = PBXFileReference; lastKnownFileType = sourcecode.swift; path = ShareScheduleViewController.swift; sourceTree = "<group>"; };
		1846BDB320B6617200352063 /* ShareScheduleViewController.storyboard */ = {isa = PBXFileReference; lastKnownFileType = file.storyboard; path = ShareScheduleViewController.storyboard; sourceTree = "<group>"; };
		1846BDB620B767F900352063 /* ShareScheduleViewController.xcassets */ = {isa = PBXFileReference; lastKnownFileType = folder.assetcatalog; path = ShareScheduleViewController.xcassets; sourceTree = "<group>"; };
		1846BDB820B76DF800352063 /* RecieveScheduleView.swift */ = {isa = PBXFileReference; lastKnownFileType = sourcecode.swift; path = RecieveScheduleView.swift; sourceTree = "<group>"; };
		1846BDBD20B76E2100352063 /* RecieveScheduleView.xcassets */ = {isa = PBXFileReference; lastKnownFileType = folder.assetcatalog; path = RecieveScheduleView.xcassets; sourceTree = "<group>"; };
		1846BDC020BA1D3800352063 /* Base */ = {isa = PBXFileReference; lastKnownFileType = file.xib; name = Base; path = Base.lproj/RecieveScheduleView.xib; sourceTree = "<group>"; };
		1846BDC320BA1D6300352063 /* ja */ = {isa = PBXFileReference; lastKnownFileType = text.plist.strings; name = ja; path = ja.lproj/RecieveScheduleView.strings; sourceTree = "<group>"; };
		184EF39520918C49009387A0 /* SchoolType.swift */ = {isa = PBXFileReference; lastKnownFileType = sourcecode.swift; path = SchoolType.swift; sourceTree = "<group>"; };
		184EF39B2091AD56009387A0 /* GetMail_Toyohashi.swift */ = {isa = PBXFileReference; lastKnownFileType = sourcecode.swift; path = GetMail_Toyohashi.swift; sourceTree = "<group>"; };
		184EF39F2091B5C7009387A0 /* GetMail_Toba.swift */ = {isa = PBXFileReference; lastKnownFileType = sourcecode.swift; path = GetMail_Toba.swift; sourceTree = "<group>"; };
		1851CE0B20D2360A00E9FA08 /* GetMail_Demo.swift */ = {isa = PBXFileReference; lastKnownFileType = sourcecode.swift; path = GetMail_Demo.swift; sourceTree = "<group>"; };
		185FEE4420846E8000983663 /* classic.app */ = {isa = PBXFileReference; explicitFileType = wrapper.application; includeInIndex = 0; path = classic.app; sourceTree = BUILT_PRODUCTS_DIR; };
		185FEE4720846E8000983663 /* AppDelegate.swift */ = {isa = PBXFileReference; lastKnownFileType = sourcecode.swift; path = AppDelegate.swift; sourceTree = "<group>"; };
		185FEE4E20846E8100983663 /* Assets.xcassets */ = {isa = PBXFileReference; lastKnownFileType = folder.assetcatalog; path = Assets.xcassets; sourceTree = "<group>"; };
		185FEE5120846E8100983663 /* Base */ = {isa = PBXFileReference; lastKnownFileType = file.storyboard; name = Base; path = Base.lproj/LaunchScreen.storyboard; sourceTree = "<group>"; };
		185FEE5320846E8100983663 /* Info.plist */ = {isa = PBXFileReference; lastKnownFileType = text.plist.xml; path = Info.plist; sourceTree = "<group>"; };
		185FEE5820846E8100983663 /* classicTests.xctest */ = {isa = PBXFileReference; explicitFileType = wrapper.cfbundle; includeInIndex = 0; path = classicTests.xctest; sourceTree = BUILT_PRODUCTS_DIR; };
		185FEE5C20846E8100983663 /* classicTests.swift */ = {isa = PBXFileReference; lastKnownFileType = sourcecode.swift; path = classicTests.swift; sourceTree = "<group>"; };
		185FEE5E20846E8100983663 /* Info.plist */ = {isa = PBXFileReference; lastKnownFileType = text.plist.xml; path = Info.plist; sourceTree = "<group>"; };
		185FEE6320846E8100983663 /* classicUITests.xctest */ = {isa = PBXFileReference; explicitFileType = wrapper.cfbundle; includeInIndex = 0; path = classicUITests.xctest; sourceTree = BUILT_PRODUCTS_DIR; };
		185FEE6720846E8100983663 /* classicUITests.swift */ = {isa = PBXFileReference; lastKnownFileType = sourcecode.swift; path = classicUITests.swift; sourceTree = "<group>"; };
		185FEE6920846E8100983663 /* Info.plist */ = {isa = PBXFileReference; lastKnownFileType = text.plist.xml; path = Info.plist; sourceTree = "<group>"; };
		185FEE762084707A00983663 /* classic-Bridging-Header.h */ = {isa = PBXFileReference; lastKnownFileType = sourcecode.c.h; path = "classic-Bridging-Header.h"; sourceTree = "<group>"; };
		185FEE7720847A8900983663 /* LogInViewController.swift */ = {isa = PBXFileReference; lastKnownFileType = sourcecode.swift; path = LogInViewController.swift; sourceTree = "<group>"; };
		185FEE7920847CE200983663 /* LogInRequest.swift */ = {isa = PBXFileReference; lastKnownFileType = sourcecode.swift; path = LogInRequest.swift; sourceTree = "<group>"; };
		1864CD1122A48E870074774E /* Config.swift */ = {isa = PBXFileReference; lastKnownFileType = sourcecode.swift; path = Config.swift; sourceTree = "<group>"; };
		18660E8A212A4EA5008CE80A /* ScheduleDetilesView.swift */ = {isa = PBXFileReference; lastKnownFileType = sourcecode.swift; path = ScheduleDetilesView.swift; sourceTree = "<group>"; };
		18660E8C212A4EB3008CE80A /* ScheduleDetilesView.xib */ = {isa = PBXFileReference; lastKnownFileType = file.xib; path = ScheduleDetilesView.xib; sourceTree = "<group>"; };
		188FEB772089AC960053D2D2 /* DayoftheweekCollectionViewCell.xib */ = {isa = PBXFileReference; lastKnownFileType = file.xib; path = DayoftheweekCollectionViewCell.xib; sourceTree = "<group>"; };
		188FEB792089ACDD0053D2D2 /* DayoftheweekCollectionViewCell.swift */ = {isa = PBXFileReference; lastKnownFileType = sourcecode.swift; path = DayoftheweekCollectionViewCell.swift; sourceTree = "<group>"; };
		188FEB7B208AB0650053D2D2 /* GetMailManager.swift */ = {isa = PBXFileReference; lastKnownFileType = sourcecode.swift; path = GetMailManager.swift; sourceTree = "<group>"; };
		188FEB8A208AEFF30053D2D2 /* ClassData.swift */ = {isa = PBXFileReference; lastKnownFileType = sourcecode.swift; path = ClassData.swift; sourceTree = "<group>"; };
		188FEB8C208D0D3A0053D2D2 /* ClassMarkOverCollectionViewCell.xib */ = {isa = PBXFileReference; lastKnownFileType = file.xib; path = ClassMarkOverCollectionViewCell.xib; sourceTree = "<group>"; };
		188FEB8E208D0DAA0053D2D2 /* ClassMarkOverCollectionViewCell.swift */ = {isa = PBXFileReference; lastKnownFileType = sourcecode.swift; path = ClassMarkOverCollectionViewCell.swift; sourceTree = "<group>"; };
		1890C913209E850000C7306C /* FirstMailLoadViewController.swift */ = {isa = PBXFileReference; lastKnownFileType = sourcecode.swift; path = FirstMailLoadViewController.swift; sourceTree = "<group>"; };
		1890C915209E853E00C7306C /* FirstMailLoadViewController.xcassets */ = {isa = PBXFileReference; lastKnownFileType = folder.assetcatalog; path = FirstMailLoadViewController.xcassets; sourceTree = "<group>"; };
		1890C918209EAE3000C7306C /* LogInViewController.xcassets */ = {isa = PBXFileReference; lastKnownFileType = folder.assetcatalog; path = LogInViewController.xcassets; sourceTree = "<group>"; };
		18B8344420C9FCD0001CA92A /* ScheduleDotwView.swift */ = {isa = PBXFileReference; lastKnownFileType = sourcecode.swift; path = ScheduleDotwView.swift; sourceTree = "<group>"; };
		18B8344620C9FD12001CA92A /* ScheduleDotwView.xib */ = {isa = PBXFileReference; lastKnownFileType = file.xib; path = ScheduleDotwView.xib; sourceTree = "<group>"; };
		18B8344920CA03E2001CA92A /* ScheduleView.swift */ = {isa = PBXFileReference; lastKnownFileType = sourcecode.swift; path = ScheduleView.swift; sourceTree = "<group>"; };
		18B8344B20CA03EC001CA92A /* ScheduleView.xib */ = {isa = PBXFileReference; lastKnownFileType = file.xib; path = ScheduleView.xib; sourceTree = "<group>"; };
		18C2FF8720BCCB920032FCD5 /* FirstViewController.xcassets */ = {isa = PBXFileReference; lastKnownFileType = folder.assetcatalog; path = FirstViewController.xcassets; sourceTree = "<group>"; };
		18CDEAE32084844500C627E7 /* SVRadialGradientLayer.m */ = {isa = PBXFileReference; fileEncoding = 4; lastKnownFileType = sourcecode.c.objc; path = SVRadialGradientLayer.m; sourceTree = "<group>"; };
		18CDEAE42084844500C627E7 /* SVIndefiniteAnimatedView.h */ = {isa = PBXFileReference; fileEncoding = 4; lastKnownFileType = sourcecode.c.h; path = SVIndefiniteAnimatedView.h; sourceTree = "<group>"; };
		18CDEAE52084844500C627E7 /* SVProgressHUD.h */ = {isa = PBXFileReference; fileEncoding = 4; lastKnownFileType = sourcecode.c.h; path = SVProgressHUD.h; sourceTree = "<group>"; };
		18CDEAE62084844500C627E7 /* SVProgressAnimatedView.m */ = {isa = PBXFileReference; fileEncoding = 4; lastKnownFileType = sourcecode.c.objc; path = SVProgressAnimatedView.m; sourceTree = "<group>"; };
		18CDEAE72084844500C627E7 /* SVProgressHUD-Prefix.pch */ = {isa = PBXFileReference; fileEncoding = 4; lastKnownFileType = sourcecode.c.h; path = "SVProgressHUD-Prefix.pch"; sourceTree = "<group>"; };
		18CDEAE82084844500C627E7 /* SVRadialGradientLayer.h */ = {isa = PBXFileReference; fileEncoding = 4; lastKnownFileType = sourcecode.c.h; path = SVRadialGradientLayer.h; sourceTree = "<group>"; };
		18CDEAE92084844500C627E7 /* SVProgressHUD.m */ = {isa = PBXFileReference; fileEncoding = 4; lastKnownFileType = sourcecode.c.objc; path = SVProgressHUD.m; sourceTree = "<group>"; };
		18CDEAEA2084844500C627E7 /* SVIndefiniteAnimatedView.m */ = {isa = PBXFileReference; fileEncoding = 4; lastKnownFileType = sourcecode.c.objc; path = SVIndefiniteAnimatedView.m; sourceTree = "<group>"; };
		18CDEAEB2084844500C627E7 /* SVProgressHUD.bundle */ = {isa = PBXFileReference; lastKnownFileType = "wrapper.plug-in"; path = SVProgressHUD.bundle; sourceTree = "<group>"; };
		18CDEAEC2084844500C627E7 /* SVProgressAnimatedView.h */ = {isa = PBXFileReference; fileEncoding = 4; lastKnownFileType = sourcecode.c.h; path = SVProgressAnimatedView.h; sourceTree = "<group>"; };
		18CDEAF42085BA0500C627E7 /* CalenderViewController.swift */ = {isa = PBXFileReference; lastKnownFileType = sourcecode.swift; path = CalenderViewController.swift; sourceTree = "<group>"; };
		18CDEAF62085BAAD00C627E7 /* MonthCollectionViewCell.swift */ = {isa = PBXFileReference; lastKnownFileType = sourcecode.swift; path = MonthCollectionViewCell.swift; sourceTree = "<group>"; };
		18CDEAF82085BC9800C627E7 /* MonthCollectionViewCell.xib */ = {isa = PBXFileReference; lastKnownFileType = file.xib; path = MonthCollectionViewCell.xib; sourceTree = "<group>"; };
		18CDEAFA2085BF0E00C627E7 /* DayCollectionViewCell.swift */ = {isa = PBXFileReference; lastKnownFileType = sourcecode.swift; path = DayCollectionViewCell.swift; sourceTree = "<group>"; };
		18CDEAFC2085BF3B00C627E7 /* DayCollectionViewCell.xib */ = {isa = PBXFileReference; lastKnownFileType = file.xib; path = DayCollectionViewCell.xib; sourceTree = "<group>"; };
		18CDEAFE2085C01800C627E7 /* ClassMarkCollectionViewCell.swift */ = {isa = PBXFileReference; lastKnownFileType = sourcecode.swift; path = ClassMarkCollectionViewCell.swift; sourceTree = "<group>"; };
		18CDEB002085C15C00C627E7 /* ClassMarkCollectionViewCell.xib */ = {isa = PBXFileReference; lastKnownFileType = file.xib; path = ClassMarkCollectionViewCell.xib; sourceTree = "<group>"; };
		18CDEB032087124800C627E7 /* DateManager.swift */ = {isa = PBXFileReference; lastKnownFileType = sourcecode.swift; path = DateManager.swift; sourceTree = "<group>"; };
		18E664EA20A8E259005F283D /* AgreementViewController.swift */ = {isa = PBXFileReference; lastKnownFileType = sourcecode.swift; path = AgreementViewController.swift; sourceTree = "<group>"; };
		18E664EF20A8F0CE005F283D /* agreement-ja.txt */ = {isa = PBXFileReference; fileEncoding = 4; lastKnownFileType = text; path = "agreement-ja.txt"; sourceTree = "<group>"; };
		18E664F120A8FD42005F283D /* agreement-en.txt */ = {isa = PBXFileReference; fileEncoding = 4; lastKnownFileType = text; path = "agreement-en.txt"; sourceTree = "<group>"; };
		18E664F420A8FE3F005F283D /* ja */ = {isa = PBXFileReference; lastKnownFileType = text.plist.strings; name = ja; path = ja.lproj/LaunchScreen.strings; sourceTree = "<group>"; };
		18E664F620A8FEB4005F283D /* Base */ = {isa = PBXFileReference; lastKnownFileType = file.storyboard; name = Base; path = Base.lproj/AgreementViewController.storyboard; sourceTree = "<group>"; };
		18E664FB20A8FEBB005F283D /* ja */ = {isa = PBXFileReference; lastKnownFileType = text.plist.strings; name = ja; path = ja.lproj/AgreementViewController.strings; sourceTree = "<group>"; };
		18E664FF20A93B72005F283D /* SetScheduleViewController.swift */ = {isa = PBXFileReference; lastKnownFileType = sourcecode.swift; path = SetScheduleViewController.swift; sourceTree = "<group>"; };
		18E6650120A93B81005F283D /* SetScheduleViewController.storyboard */ = {isa = PBXFileReference; lastKnownFileType = file.storyboard; path = SetScheduleViewController.storyboard; sourceTree = "<group>"; };
		18E6650420A9583A005F283D /* SetScheduleCollectionViewCell.swift */ = {isa = PBXFileReference; lastKnownFileType = sourcecode.swift; path = SetScheduleCollectionViewCell.swift; sourceTree = "<group>"; };
		18E6650620A95846005F283D /* SetScheduleCollectionViewCell.xib */ = {isa = PBXFileReference; lastKnownFileType = file.xib; path = SetScheduleCollectionViewCell.xib; sourceTree = "<group>"; };
		18E6650920AA56B6005F283D /* SetScheduleDayoftheweekCollectionViewCell.swift */ = {isa = PBXFileReference; lastKnownFileType = sourcecode.swift; path = SetScheduleDayoftheweekCollectionViewCell.swift; sourceTree = "<group>"; };
		18E6650B20AA56C7005F283D /* SetScheduleDayoftheweekCollectionViewCell.xib */ = {isa = PBXFileReference; lastKnownFileType = file.xib; path = SetScheduleDayoftheweekCollectionViewCell.xib; sourceTree = "<group>"; };
		18E6650E20AA5AE3005F283D /* SetScheduleNumberCollectionViewCell.swift */ = {isa = PBXFileReference; lastKnownFileType = sourcecode.swift; path = SetScheduleNumberCollectionViewCell.swift; sourceTree = "<group>"; };
		18E6651020AA5AF3005F283D /* SetScheduleNumberCollectionViewCell.xib */ = {isa = PBXFileReference; lastKnownFileType = file.xib; path = SetScheduleNumberCollectionViewCell.xib; sourceTree = "<group>"; };
		18E6651320AA6C03005F283D /* SetScheduleCollectionViewCell.xcassets */ = {isa = PBXFileReference; lastKnownFileType = folder.assetcatalog; path = SetScheduleCollectionViewCell.xcassets; sourceTree = "<group>"; };
		18E6651520AA779B005F283D /* SetScheduleView.swift */ = {isa = PBXFileReference; lastKnownFileType = sourcecode.swift; path = SetScheduleView.swift; sourceTree = "<group>"; };
		18E6651720AA77AD005F283D /* SetScheduleView.xib */ = {isa = PBXFileReference; lastKnownFileType = file.xib; path = SetScheduleView.xib; sourceTree = "<group>"; };
		18F2A1E9208E879D000B388D /* Keychain.swift */ = {isa = PBXFileReference; fileEncoding = 4; lastKnownFileType = sourcecode.swift; path = Keychain.swift; sourceTree = "<group>"; };
		18F2A1F7208F0210000B388D /* FirstViewController.swift */ = {isa = PBXFileReference; lastKnownFileType = sourcecode.swift; path = FirstViewController.swift; sourceTree = "<group>"; };
		1BDD7175C601439778A1FB07 /* Pods-classicUITests.release.xcconfig */ = {isa = PBXFileReference; includeInIndex = 1; lastKnownFileType = text.xcconfig; name = "Pods-classicUITests.release.xcconfig"; path = "Pods/Target Support Files/Pods-classicUITests/Pods-classicUITests.release.xcconfig"; sourceTree = "<group>"; };
		1BFAD50917BEF529D82DDADD /* Pods-classic.debug.xcconfig */ = {isa = PBXFileReference; includeInIndex = 1; lastKnownFileType = text.xcconfig; name = "Pods-classic.debug.xcconfig"; path = "Pods/Target Support Files/Pods-classic/Pods-classic.debug.xcconfig"; sourceTree = "<group>"; };
		876ED6212DA51DF4E0045683 /* Pods-classicUITests.debug.xcconfig */ = {isa = PBXFileReference; includeInIndex = 1; lastKnownFileType = text.xcconfig; name = "Pods-classicUITests.debug.xcconfig"; path = "Pods/Target Support Files/Pods-classicUITests/Pods-classicUITests.debug.xcconfig"; sourceTree = "<group>"; };
		AAA83B3E3491362B504B972D /* Pods_classicUITests.framework */ = {isa = PBXFileReference; explicitFileType = wrapper.framework; includeInIndex = 0; path = Pods_classicUITests.framework; sourceTree = BUILT_PRODUCTS_DIR; };
		B69EAC72E4BC15B59EB80E8F /* Pods-classicTests.release.xcconfig */ = {isa = PBXFileReference; includeInIndex = 1; lastKnownFileType = text.xcconfig; name = "Pods-classicTests.release.xcconfig"; path = "Pods/Target Support Files/Pods-classicTests/Pods-classicTests.release.xcconfig"; sourceTree = "<group>"; };
		B7E32A5DA4A64351FAF04376 /* Pods_classic.framework */ = {isa = PBXFileReference; explicitFileType = wrapper.framework; includeInIndex = 0; path = Pods_classic.framework; sourceTree = BUILT_PRODUCTS_DIR; };
		CE409DB944010F3BC3DB4C99 /* Pods-classic.release.xcconfig */ = {isa = PBXFileReference; includeInIndex = 1; lastKnownFileType = text.xcconfig; name = "Pods-classic.release.xcconfig"; path = "Pods/Target Support Files/Pods-classic/Pods-classic.release.xcconfig"; sourceTree = "<group>"; };
		DB188A7C43685A41ECE25257 /* Pods-classicTests.debug.xcconfig */ = {isa = PBXFileReference; includeInIndex = 1; lastKnownFileType = text.xcconfig; name = "Pods-classicTests.debug.xcconfig"; path = "Pods/Target Support Files/Pods-classicTests/Pods-classicTests.debug.xcconfig"; sourceTree = "<group>"; };
		F85553F6CACDC0482E163047 /* Pods_classicTests.framework */ = {isa = PBXFileReference; explicitFileType = wrapper.framework; includeInIndex = 0; path = Pods_classicTests.framework; sourceTree = BUILT_PRODUCTS_DIR; };
/* End PBXFileReference section */

/* Begin PBXFrameworksBuildPhase section */
		185FEE4120846E8000983663 /* Frameworks */ = {
			isa = PBXFrameworksBuildPhase;
			buildActionMask = 2147483647;
			files = (
				1846BDAB20B4CBEC00352063 /* SystemConfiguration.framework in Frameworks */,
				1846BDA920B4CBE500352063 /* StoreKit.framework in Frameworks */,
				1846BDA720B4CBDE00352063 /* MessageUI.framework in Frameworks */,
				1846BDA520B4CBD700352063 /* EventKitUI.framework in Frameworks */,
				1846BDA320B4CBCF00352063 /* EventKit.framework in Frameworks */,
				1846BDA120B4CBC000352063 /* CoreTelephony.framework in Frameworks */,
				1846BD9F20B4CBBA00352063 /* CoreMedia.framework in Frameworks */,
				1846BD9D20B4CBB200352063 /* CoreGraphics.framework in Frameworks */,
				1846BD9B20B4CBA900352063 /* AVFoundation.framework in Frameworks */,
				1846BD9920B4CBA300352063 /* AudioToolbox.framework in Frameworks */,
				1846BD9720B4CB9B00352063 /* AdSupport.framework in Frameworks */,
				FEDC2C554E20822FBD3A1839 /* Pods_classic.framework in Frameworks */,
			);
			runOnlyForDeploymentPostprocessing = 0;
		};
		185FEE5520846E8100983663 /* Frameworks */ = {
			isa = PBXFrameworksBuildPhase;
			buildActionMask = 2147483647;
			files = (
				BDB057A6DF0C758B28576526 /* Pods_classicTests.framework in Frameworks */,
			);
			runOnlyForDeploymentPostprocessing = 0;
		};
		185FEE6020846E8100983663 /* Frameworks */ = {
			isa = PBXFrameworksBuildPhase;
			buildActionMask = 2147483647;
			files = (
				046123E53BE2EC6D236E64DD /* Pods_classicUITests.framework in Frameworks */,
			);
			runOnlyForDeploymentPostprocessing = 0;
		};
/* End PBXFrameworksBuildPhase section */

/* Begin PBXGroup section */
		180DB48D20ACBC650025A3DC /* SetScheduleViewColorSelectView */ = {
			isa = PBXGroup;
			children = (
				180DB48720ACB68A0025A3DC /* SetScheduleViewColorSelectView.swift */,
				180DB48920ACB6970025A3DC /* SetScheduleViewColorSelectView.xib */,
				180DB49020ACBC7E0025A3DC /* SetScheduleViewColorSelectViewCell */,
			);
			path = SetScheduleViewColorSelectView;
			sourceTree = "<group>";
		};
		180DB49020ACBC7E0025A3DC /* SetScheduleViewColorSelectViewCell */ = {
			isa = PBXGroup;
			children = (
				180DB48B20ACBC5A0025A3DC /* SetScheduleViewColorSelectViewCell.swift */,
				180DB48E20ACBC770025A3DC /* SetScheduleViewColorSelectViewCell.xib */,
			);
			path = SetScheduleViewColorSelectViewCell;
			sourceTree = "<group>";
		};
		1846BD5020B0B7C000352063 /* ScheduleViewController */ = {
			isa = PBXGroup;
			children = (
				1846BD4C20B0B78C00352063 /* ScheduleViewController.swift */,
				1846BD4E20B0B7B900352063 /* ScheduleViewController.storyboard */,
				1846BD6020B0C74600352063 /* ScheduleDateManager.swift */,
				18B8344D20CA03F0001CA92A /* ScheduleView */,
				18B8344820C9FD17001CA92A /* ScheduleDotwView */,
			);
			path = ScheduleViewController;
			sourceTree = "<group>";
		};
		1846BD5120B0BA4F00352063 /* ScheduleNumberCollectionViewCell */ = {
			isa = PBXGroup;
			children = (
				1846BD5320B0BA4F00352063 /* ScheduleNumberCollectionViewCell.swift */,
				1846BD5220B0BA4F00352063 /* ScheduleNumberCollectionViewCell.xib */,
			);
			path = ScheduleNumberCollectionViewCell;
			sourceTree = "<group>";
		};
		1846BD5420B0BA4F00352063 /* ScheduleDotwCollectionViewCell */ = {
			isa = PBXGroup;
			children = (
				1846BD5620B0BA4F00352063 /* ScheduleDotwCollectionViewCell.swift */,
				1846BD5520B0BA4F00352063 /* ScheduleDotwCollectionViewCell.xib */,
			);
			path = ScheduleDotwCollectionViewCell;
			sourceTree = "<group>";
		};
		1846BD5B20B0BB9900352063 /* ScheduleCollectionViewCell */ = {
			isa = PBXGroup;
			children = (
				1846BD5D20B0BB9900352063 /* ScheduleCollectionViewCell.swift */,
				1846BD5C20B0BB9900352063 /* ScheduleCollectionViewCell.xib */,
			);
			path = ScheduleCollectionViewCell;
			sourceTree = "<group>";
		};
		1846BD6C20B0CD1300352063 /* ControlViewView */ = {
			isa = PBXGroup;
			children = (
				1846BD6820B0CD0300352063 /* ControlViewView.swift */,
				1846BD6A20B0CD0F00352063 /* ControlViewView.xib */,
				1846BD6F20B0F0D000352063 /* ControlViewView.xcassets */,
			);
			path = ControlViewView;
			sourceTree = "<group>";
		};
		1846BD7B20B1465A00352063 /* SettingViewController */ = {
			isa = PBXGroup;
			children = (
				1846BD7720B1464C00352063 /* SettingViewController.swift */,
				1846BD7920B1465600352063 /* SettingViewController.storyboard */,
			);
			path = SettingViewController;
			sourceTree = "<group>";
		};
		1846BD8020B1DA5700352063 /* Month_DayClassScheduleView */ = {
			isa = PBXGroup;
			children = (
				1846BD7C20B1DA3700352063 /* Month_DayClassScheduleView.swift */,
				1846BD7E20B1DA5300352063 /* Month_DayClassScheduleView.xib */,
				1846BD8520B1DCED00352063 /* Month_DayClassScheduleViewCell */,
				1846BD8A20B3B7A000352063 /* Month_DayClassScheduleViewChengedCell */,
			);
			path = Month_DayClassScheduleView;
			sourceTree = "<group>";
		};
		1846BD8520B1DCED00352063 /* Month_DayClassScheduleViewCell */ = {
			isa = PBXGroup;
			children = (
				1846BD8120B1DC7500352063 /* Month_DayClassScheduleViewCell.swift */,
				1846BD8320B1DC8100352063 /* Month_DayClassScheduleViewCell.xib */,
			);
			path = Month_DayClassScheduleViewCell;
			sourceTree = "<group>";
		};
		1846BD8A20B3B7A000352063 /* Month_DayClassScheduleViewChengedCell */ = {
			isa = PBXGroup;
			children = (
				1846BD8620B3B78E00352063 /* Month_DayClassScheduleViewChengedCell.swift */,
				1846BD8820B3B79B00352063 /* Month_DayClassScheduleViewChengedCell.xib */,
				1846BD8B20B3B99400352063 /* Month_DayClassScheduleViewChengedCell.xcassets */,
			);
			path = Month_DayClassScheduleViewChengedCell;
			sourceTree = "<group>";
		};
		1846BD9120B3DBDB00352063 /* ScheduleCollectionViewChangedCell */ = {
			isa = PBXGroup;
			children = (
				1846BD8D20B3DBCB00352063 /* ScheduleCollectionViewChangedCell.swift */,
				1846BD8F20B3DBD700352063 /* ScheduleCollectionViewChangedCell.xib */,
				1846BD9220B3DC4300352063 /* ScheduleCollectionViewChangedCell.xcassets */,
			);
			path = ScheduleCollectionViewChangedCell;
			sourceTree = "<group>";
		};
		1846BDAE20B4CE0100352063 /* AdMobView */ = {
			isa = PBXGroup;
			children = (
				1846BD9420B4C70600352063 /* AdMobView.swift */,
				1846BDAC20B4CDFC00352063 /* AdMobView.xib */,
			);
			path = AdMobView;
			sourceTree = "<group>";
		};
		1846BDB520B6617700352063 /* ShareScheduleViewController */ = {
			isa = PBXGroup;
			children = (
				1846BDB120B6614800352063 /* ShareScheduleViewController.swift */,
				1846BDB320B6617200352063 /* ShareScheduleViewController.storyboard */,
				1846BDB620B767F900352063 /* ShareScheduleViewController.xcassets */,
			);
			path = ShareScheduleViewController;
			sourceTree = "<group>";
		};
		1846BDBC20B76E0900352063 /* RecieveScheduleView */ = {
			isa = PBXGroup;
			children = (
				1846BDB820B76DF800352063 /* RecieveScheduleView.swift */,
				1846BDC120BA1D3800352063 /* RecieveScheduleView.xib */,
				1846BDBD20B76E2100352063 /* RecieveScheduleView.xcassets */,
			);
			path = RecieveScheduleView;
			sourceTree = "<group>";
		};
		184EF39D2091AD89009387A0 /* GetMailManager */ = {
			isa = PBXGroup;
			children = (
				188FEB7B208AB0650053D2D2 /* GetMailManager.swift */,
				188FEB8A208AEFF30053D2D2 /* ClassData.swift */,
				18CDEB032087124800C627E7 /* DateManager.swift */,
				184EF39E2091ADC3009387A0 /* Schools */,
			);
			path = GetMailManager;
			sourceTree = "<group>";
		};
		184EF39E2091ADC3009387A0 /* Schools */ = {
			isa = PBXGroup;
			children = (
				1851CE0B20D2360A00E9FA08 /* GetMail_Demo.swift */,
				184EF39F2091B5C7009387A0 /* GetMail_Toba.swift */,
				184EF39B2091AD56009387A0 /* GetMail_Toyohashi.swift */,
				184EF39520918C49009387A0 /* SchoolType.swift */,
			);
			path = Schools;
			sourceTree = "<group>";
		};
		185FEE3B20846E8000983663 = {
			isa = PBXGroup;
			children = (
				185FEE4620846E8000983663 /* classic */,
				185FEE5B20846E8100983663 /* classicTests */,
				185FEE6620846E8100983663 /* classicUITests */,
				185FEE4520846E8000983663 /* Products */,
				8424DE230B49ACA5B1FE4CD3 /* Pods */,
				46FC47C93C6F460A7122B311 /* Frameworks */,
				18CDEAE12084844500C627E7 /* Library */,
			);
			sourceTree = "<group>";
		};
		185FEE4520846E8000983663 /* Products */ = {
			isa = PBXGroup;
			children = (
				185FEE4420846E8000983663 /* classic.app */,
				185FEE5820846E8100983663 /* classicTests.xctest */,
				185FEE6320846E8100983663 /* classicUITests.xctest */,
			);
			name = Products;
			sourceTree = "<group>";
		};
		185FEE4620846E8000983663 /* classic */ = {
			isa = PBXGroup;
			children = (
				185FEE4720846E8000983663 /* AppDelegate.swift */,
				1846BDAF20B63FA900352063 /* AutoLayoutView.swift */,
				1864CD1122A48E870074774E /* Config.swift */,
				1890C91C209EAEC100C7306C /* FirstViewController */,
				18E664EE20A8E2CC005F283D /* AgreementViewController */,
				185FEE7B20847CEB00983663 /* LogInViewController */,
				18E6650320A93B86005F283D /* SetScheduleViewController */,
				1890C917209E854600C7306C /* FirstMailLoadViewController */,
				18CDEB022085C5A300C627E7 /* CalenderViewController */,
				1846BD5020B0B7C000352063 /* ScheduleViewController */,
				1846BD6C20B0CD1300352063 /* ControlViewView */,
				1846BDAE20B4CE0100352063 /* AdMobView */,
				1846BD7B20B1465A00352063 /* SettingViewController */,
				1846BDB520B6617700352063 /* ShareScheduleViewController */,
				185FEE4E20846E8100983663 /* Assets.xcassets */,
				185FEE5020846E8100983663 /* LaunchScreen.storyboard */,
				185FEE5320846E8100983663 /* Info.plist */,
				185FEE762084707A00983663 /* classic-Bridging-Header.h */,
			);
			path = classic;
			sourceTree = "<group>";
		};
		185FEE5B20846E8100983663 /* classicTests */ = {
			isa = PBXGroup;
			children = (
				185FEE5C20846E8100983663 /* classicTests.swift */,
				185FEE5E20846E8100983663 /* Info.plist */,
			);
			path = classicTests;
			sourceTree = "<group>";
		};
		185FEE6620846E8100983663 /* classicUITests */ = {
			isa = PBXGroup;
			children = (
				185FEE6720846E8100983663 /* classicUITests.swift */,
				185FEE6920846E8100983663 /* Info.plist */,
			);
			path = classicUITests;
			sourceTree = "<group>";
		};
		185FEE7B20847CEB00983663 /* LogInViewController */ = {
			isa = PBXGroup;
			children = (
				185FEE7720847A8900983663 /* LogInViewController.swift */,
				1846BD7320B0F71F00352063 /* LogInViewController.storyboard */,
				185FEE7920847CE200983663 /* LogInRequest.swift */,
				1890C918209EAE3000C7306C /* LogInViewController.xcassets */,
			);
			path = LogInViewController;
			sourceTree = "<group>";
		};
		18660E8E212A4EB8008CE80A /* ScheduleDetilesView */ = {
			isa = PBXGroup;
			children = (
				18660E8A212A4EA5008CE80A /* ScheduleDetilesView.swift */,
				18660E8C212A4EB3008CE80A /* ScheduleDetilesView.xib */,
			);
			path = ScheduleDetilesView;
			sourceTree = "<group>";
		};
		1890C917209E854600C7306C /* FirstMailLoadViewController */ = {
			isa = PBXGroup;
			children = (
				1890C913209E850000C7306C /* FirstMailLoadViewController.swift */,
				1846BD7120B0F6E600352063 /* FirstMailLoadViewController.storyboard */,
				1890C915209E853E00C7306C /* FirstMailLoadViewController.xcassets */,
			);
			path = FirstMailLoadViewController;
			sourceTree = "<group>";
		};
		1890C91C209EAEC100C7306C /* FirstViewController */ = {
			isa = PBXGroup;
			children = (
				18F2A1F7208F0210000B388D /* FirstViewController.swift */,
				1846BD7520B0F75C00352063 /* FirstViewController.storyboard */,
				18C2FF8720BCCB920032FCD5 /* FirstViewController.xcassets */,
			);
			path = FirstViewController;
			sourceTree = "<group>";
		};
		18B8344820C9FD17001CA92A /* ScheduleDotwView */ = {
			isa = PBXGroup;
			children = (
				18B8344420C9FCD0001CA92A /* ScheduleDotwView.swift */,
				18B8344620C9FD12001CA92A /* ScheduleDotwView.xib */,
				1846BD5420B0BA4F00352063 /* ScheduleDotwCollectionViewCell */,
			);
			path = ScheduleDotwView;
			sourceTree = "<group>";
		};
		18B8344D20CA03F0001CA92A /* ScheduleView */ = {
			isa = PBXGroup;
			children = (
				18B8344920CA03E2001CA92A /* ScheduleView.swift */,
				18B8344B20CA03EC001CA92A /* ScheduleView.xib */,
				18660E8E212A4EB8008CE80A /* ScheduleDetilesView */,
				1846BD5B20B0BB9900352063 /* ScheduleCollectionViewCell */,
				1846BD9120B3DBDB00352063 /* ScheduleCollectionViewChangedCell */,
				1846BD5120B0BA4F00352063 /* ScheduleNumberCollectionViewCell */,
			);
			path = ScheduleView;
			sourceTree = "<group>";
		};
		18CDEAE12084844500C627E7 /* Library */ = {
			isa = PBXGroup;
			children = (
				18F2A1E8208E879D000B388D /* KeychainAccess */,
				18CDEAE22084844500C627E7 /* SVProgressHUD */,
			);
			path = Library;
			sourceTree = "<group>";
		};
		18CDEAE22084844500C627E7 /* SVProgressHUD */ = {
			isa = PBXGroup;
			children = (
				18CDEAE32084844500C627E7 /* SVRadialGradientLayer.m */,
				18CDEAE42084844500C627E7 /* SVIndefiniteAnimatedView.h */,
				18CDEAE52084844500C627E7 /* SVProgressHUD.h */,
				18CDEAE62084844500C627E7 /* SVProgressAnimatedView.m */,
				18CDEAE72084844500C627E7 /* SVProgressHUD-Prefix.pch */,
				18CDEAE82084844500C627E7 /* SVRadialGradientLayer.h */,
				18CDEAE92084844500C627E7 /* SVProgressHUD.m */,
				18CDEAEA2084844500C627E7 /* SVIndefiniteAnimatedView.m */,
				18CDEAEB2084844500C627E7 /* SVProgressHUD.bundle */,
				18CDEAEC2084844500C627E7 /* SVProgressAnimatedView.h */,
			);
			path = SVProgressHUD;
			sourceTree = "<group>";
		};
		18CDEB022085C5A300C627E7 /* CalenderViewController */ = {
			isa = PBXGroup;
			children = (
				18CDEAF42085BA0500C627E7 /* CalenderViewController.swift */,
				1846BD6D20B0DE3300352063 /* CalenderViewController.storyboard */,
				184EF39D2091AD89009387A0 /* GetMailManager */,
				18F2A1EC208EF916000B388D /* MonthCollectionViewCell */,
			);
			path = CalenderViewController;
			sourceTree = "<group>";
		};
		18E664EE20A8E2CC005F283D /* AgreementViewController */ = {
			isa = PBXGroup;
			children = (
				18E664EA20A8E259005F283D /* AgreementViewController.swift */,
				18E664F720A8FEB4005F283D /* AgreementViewController.storyboard */,
				18E664EF20A8F0CE005F283D /* agreement-ja.txt */,
				18E664F120A8FD42005F283D /* agreement-en.txt */,
			);
			path = AgreementViewController;
			sourceTree = "<group>";
		};
		18E6650320A93B86005F283D /* SetScheduleViewController */ = {
			isa = PBXGroup;
			children = (
				18E664FF20A93B72005F283D /* SetScheduleViewController.swift */,
				18E6650120A93B81005F283D /* SetScheduleViewController.storyboard */,
				18E6650820A9584A005F283D /* SetScheduleCollectionViewCell */,
				18E6650D20AA56CB005F283D /* SetScheduleDayoftheweekCollectionViewCell */,
				18E6651220AA5B08005F283D /* SetScheduleNumberCollectionViewCell */,
				18E6651920AA77BB005F283D /* SetScheduleView */,
				1846BDBC20B76E0900352063 /* RecieveScheduleView */,
				180DB49120ACD01F0025A3DC /* SetScheduleManager.swift */,
			);
			path = SetScheduleViewController;
			sourceTree = "<group>";
		};
		18E6650820A9584A005F283D /* SetScheduleCollectionViewCell */ = {
			isa = PBXGroup;
			children = (
				18E6650420A9583A005F283D /* SetScheduleCollectionViewCell.swift */,
				18E6650620A95846005F283D /* SetScheduleCollectionViewCell.xib */,
				18E6651320AA6C03005F283D /* SetScheduleCollectionViewCell.xcassets */,
			);
			path = SetScheduleCollectionViewCell;
			sourceTree = "<group>";
		};
		18E6650D20AA56CB005F283D /* SetScheduleDayoftheweekCollectionViewCell */ = {
			isa = PBXGroup;
			children = (
				18E6650920AA56B6005F283D /* SetScheduleDayoftheweekCollectionViewCell.swift */,
				18E6650B20AA56C7005F283D /* SetScheduleDayoftheweekCollectionViewCell.xib */,
			);
			path = SetScheduleDayoftheweekCollectionViewCell;
			sourceTree = "<group>";
		};
		18E6651220AA5B08005F283D /* SetScheduleNumberCollectionViewCell */ = {
			isa = PBXGroup;
			children = (
				18E6650E20AA5AE3005F283D /* SetScheduleNumberCollectionViewCell.swift */,
				18E6651020AA5AF3005F283D /* SetScheduleNumberCollectionViewCell.xib */,
			);
			path = SetScheduleNumberCollectionViewCell;
			sourceTree = "<group>";
		};
		18E6651920AA77BB005F283D /* SetScheduleView */ = {
			isa = PBXGroup;
			children = (
				18E6651520AA779B005F283D /* SetScheduleView.swift */,
				18E6651720AA77AD005F283D /* SetScheduleView.xib */,
				180DB48D20ACBC650025A3DC /* SetScheduleViewColorSelectView */,
			);
			path = SetScheduleView;
			sourceTree = "<group>";
		};
		18F2A1E8208E879D000B388D /* KeychainAccess */ = {
			isa = PBXGroup;
			children = (
				18F2A1E9208E879D000B388D /* Keychain.swift */,
			);
			path = KeychainAccess;
			sourceTree = "<group>";
		};
		18F2A1EC208EF916000B388D /* MonthCollectionViewCell */ = {
			isa = PBXGroup;
			children = (
				18CDEAF62085BAAD00C627E7 /* MonthCollectionViewCell.swift */,
				18CDEAF82085BC9800C627E7 /* MonthCollectionViewCell.xib */,
				18F2A1ED208EF922000B388D /* DayCollectionViewCell */,
				18F2A1EE208EF92D000B388D /* DayoftheweekCollectionViewCell */,
				1846BD8020B1DA5700352063 /* Month_DayClassScheduleView */,
			);
			path = MonthCollectionViewCell;
			sourceTree = "<group>";
		};
		18F2A1ED208EF922000B388D /* DayCollectionViewCell */ = {
			isa = PBXGroup;
			children = (
				18CDEAFA2085BF0E00C627E7 /* DayCollectionViewCell.swift */,
				18CDEAFC2085BF3B00C627E7 /* DayCollectionViewCell.xib */,
				18F2A1EF208EF935000B388D /* ClassMarkCollectionViewCell */,
				18F2A1F0208EF93D000B388D /* ClassMarkOverCollectionViewCell */,
			);
			path = DayCollectionViewCell;
			sourceTree = "<group>";
		};
		18F2A1EE208EF92D000B388D /* DayoftheweekCollectionViewCell */ = {
			isa = PBXGroup;
			children = (
				188FEB792089ACDD0053D2D2 /* DayoftheweekCollectionViewCell.swift */,
				188FEB772089AC960053D2D2 /* DayoftheweekCollectionViewCell.xib */,
			);
			path = DayoftheweekCollectionViewCell;
			sourceTree = "<group>";
		};
		18F2A1EF208EF935000B388D /* ClassMarkCollectionViewCell */ = {
			isa = PBXGroup;
			children = (
				18CDEAFE2085C01800C627E7 /* ClassMarkCollectionViewCell.swift */,
				18CDEB002085C15C00C627E7 /* ClassMarkCollectionViewCell.xib */,
				18438EB0209273F90076BCB3 /* ClassMarkCollectionViewCell.xcassets */,
			);
			path = ClassMarkCollectionViewCell;
			sourceTree = "<group>";
		};
		18F2A1F0208EF93D000B388D /* ClassMarkOverCollectionViewCell */ = {
			isa = PBXGroup;
			children = (
				188FEB8E208D0DAA0053D2D2 /* ClassMarkOverCollectionViewCell.swift */,
				188FEB8C208D0D3A0053D2D2 /* ClassMarkOverCollectionViewCell.xib */,
			);
			path = ClassMarkOverCollectionViewCell;
			sourceTree = "<group>";
		};
		46FC47C93C6F460A7122B311 /* Frameworks */ = {
			isa = PBXGroup;
			children = (
				1846BDAA20B4CBEC00352063 /* SystemConfiguration.framework */,
				1846BDA820B4CBE500352063 /* StoreKit.framework */,
				1846BDA620B4CBDE00352063 /* MessageUI.framework */,
				1846BDA420B4CBD700352063 /* EventKitUI.framework */,
				1846BDA220B4CBCE00352063 /* EventKit.framework */,
				1846BDA020B4CBC000352063 /* CoreTelephony.framework */,
				1846BD9E20B4CBBA00352063 /* CoreMedia.framework */,
				1846BD9C20B4CBB100352063 /* CoreGraphics.framework */,
				1846BD9A20B4CBA900352063 /* AVFoundation.framework */,
				1846BD9820B4CBA300352063 /* AudioToolbox.framework */,
				1846BD9620B4CB9B00352063 /* AdSupport.framework */,
				B7E32A5DA4A64351FAF04376 /* Pods_classic.framework */,
				F85553F6CACDC0482E163047 /* Pods_classicTests.framework */,
				AAA83B3E3491362B504B972D /* Pods_classicUITests.framework */,
			);
			name = Frameworks;
			sourceTree = "<group>";
		};
		8424DE230B49ACA5B1FE4CD3 /* Pods */ = {
			isa = PBXGroup;
			children = (
				1BFAD50917BEF529D82DDADD /* Pods-classic.debug.xcconfig */,
				CE409DB944010F3BC3DB4C99 /* Pods-classic.release.xcconfig */,
				DB188A7C43685A41ECE25257 /* Pods-classicTests.debug.xcconfig */,
				B69EAC72E4BC15B59EB80E8F /* Pods-classicTests.release.xcconfig */,
				876ED6212DA51DF4E0045683 /* Pods-classicUITests.debug.xcconfig */,
				1BDD7175C601439778A1FB07 /* Pods-classicUITests.release.xcconfig */,
			);
			name = Pods;
			sourceTree = "<group>";
		};
/* End PBXGroup section */

/* Begin PBXNativeTarget section */
		185FEE4320846E8000983663 /* classic */ = {
			isa = PBXNativeTarget;
			buildConfigurationList = 185FEE6C20846E8100983663 /* Build configuration list for PBXNativeTarget "classic" */;
			buildPhases = (
				3A93237397EB6130403B63FC /* [CP] Check Pods Manifest.lock */,
				185FEE4020846E8000983663 /* Sources */,
				185FEE4120846E8000983663 /* Frameworks */,
				185FEE4220846E8000983663 /* Resources */,
			);
			buildRules = (
			);
			dependencies = (
			);
			name = classic;
			productName = "toyohashi-class-management";
			productReference = 185FEE4420846E8000983663 /* classic.app */;
			productType = "com.apple.product-type.application";
		};
		185FEE5720846E8100983663 /* classicTests */ = {
			isa = PBXNativeTarget;
			buildConfigurationList = 185FEE6F20846E8100983663 /* Build configuration list for PBXNativeTarget "classicTests" */;
			buildPhases = (
				6E331E7E9FFF6343F15C3294 /* [CP] Check Pods Manifest.lock */,
				185FEE5420846E8100983663 /* Sources */,
				185FEE5520846E8100983663 /* Frameworks */,
				185FEE5620846E8100983663 /* Resources */,
			);
			buildRules = (
			);
			dependencies = (
				185FEE5A20846E8100983663 /* PBXTargetDependency */,
			);
			name = classicTests;
			productName = "toyohashi-class-managementTests";
			productReference = 185FEE5820846E8100983663 /* classicTests.xctest */;
			productType = "com.apple.product-type.bundle.unit-test";
		};
		185FEE6220846E8100983663 /* classicUITests */ = {
			isa = PBXNativeTarget;
			buildConfigurationList = 185FEE7220846E8100983663 /* Build configuration list for PBXNativeTarget "classicUITests" */;
			buildPhases = (
				66CB8C002343593D372CAD3C /* [CP] Check Pods Manifest.lock */,
				185FEE5F20846E8100983663 /* Sources */,
				185FEE6020846E8100983663 /* Frameworks */,
				185FEE6120846E8100983663 /* Resources */,
			);
			buildRules = (
			);
			dependencies = (
				185FEE6520846E8100983663 /* PBXTargetDependency */,
			);
			name = classicUITests;
			productName = "toyohashi-class-managementUITests";
			productReference = 185FEE6320846E8100983663 /* classicUITests.xctest */;
			productType = "com.apple.product-type.bundle.ui-testing";
		};
/* End PBXNativeTarget section */

/* Begin PBXProject section */
		185FEE3C20846E8000983663 /* Project object */ = {
			isa = PBXProject;
			attributes = {
				LastSwiftUpdateCheck = 0930;
				LastUpgradeCheck = 0930;
				ORGANIZATIONNAME = kaichan;
				TargetAttributes = {
					185FEE4320846E8000983663 = {
						CreatedOnToolsVersion = 9.3;
					};
					185FEE5720846E8100983663 = {
						CreatedOnToolsVersion = 9.3;
						TestTargetID = 185FEE4320846E8000983663;
					};
					185FEE6220846E8100983663 = {
						CreatedOnToolsVersion = 9.3;
						TestTargetID = 185FEE4320846E8000983663;
					};
				};
			};
			buildConfigurationList = 185FEE3F20846E8000983663 /* Build configuration list for PBXProject "classic" */;
			compatibilityVersion = "Xcode 9.3";
			developmentRegion = en;
			hasScannedForEncodings = 0;
			knownRegions = (
				en,
				Base,
				ja,
			);
			mainGroup = 185FEE3B20846E8000983663;
			productRefGroup = 185FEE4520846E8000983663 /* Products */;
			projectDirPath = "";
			projectRoot = "";
			targets = (
				185FEE4320846E8000983663 /* classic */,
				185FEE5720846E8100983663 /* classicTests */,
				185FEE6220846E8100983663 /* classicUITests */,
			);
		};
/* End PBXProject section */

/* Begin PBXResourcesBuildPhase section */
		185FEE4220846E8000983663 /* Resources */ = {
			isa = PBXResourcesBuildPhase;
			buildActionMask = 2147483647;
			files = (
				1846BDB720B767F900352063 /* ShareScheduleViewController.xcassets in Resources */,
				1846BD8420B1DC8100352063 /* Month_DayClassScheduleViewCell.xib in Resources */,
				18B8344C20CA03EC001CA92A /* ScheduleView.xib in Resources */,
				1846BD8920B3B79B00352063 /* Month_DayClassScheduleViewChengedCell.xib in Resources */,
				1846BD7A20B1465600352063 /* SettingViewController.storyboard in Resources */,
				1846BD7620B0F75C00352063 /* FirstViewController.storyboard in Resources */,
				18438EB1209273F90076BCB3 /* ClassMarkCollectionViewCell.xcassets in Resources */,
				180DB48F20ACBC770025A3DC /* SetScheduleViewColorSelectViewCell.xib in Resources */,
				18E6650720A95846005F283D /* SetScheduleCollectionViewCell.xib in Resources */,
				1846BDBE20B76E2100352063 /* RecieveScheduleView.xcassets in Resources */,
				18B8344720C9FD12001CA92A /* ScheduleDotwView.xib in Resources */,
				188FEB782089AC960053D2D2 /* DayoftheweekCollectionViewCell.xib in Resources */,
				18E6650C20AA56C7005F283D /* SetScheduleDayoftheweekCollectionViewCell.xib in Resources */,
				1846BD5720B0BA4F00352063 /* ScheduleNumberCollectionViewCell.xib in Resources */,
				18E664F020A8F0CF005F283D /* agreement-ja.txt in Resources */,
				185FEE5220846E8100983663 /* LaunchScreen.storyboard in Resources */,
				1846BD9320B3DC4300352063 /* ScheduleCollectionViewChangedCell.xcassets in Resources */,
				1890C919209EAE3000C7306C /* LogInViewController.xcassets in Resources */,
				1846BD7F20B1DA5300352063 /* Month_DayClassScheduleView.xib in Resources */,
				18E6651820AA77AD005F283D /* SetScheduleView.xib in Resources */,
				18CDEAF92085BC9800C627E7 /* MonthCollectionViewCell.xib in Resources */,
				185FEE4F20846E8100983663 /* Assets.xcassets in Resources */,
				1890C916209E853E00C7306C /* FirstMailLoadViewController.xcassets in Resources */,
				18E6651420AA6C03005F283D /* SetScheduleCollectionViewCell.xcassets in Resources */,
				1846BDB420B6617200352063 /* ShareScheduleViewController.storyboard in Resources */,
				1846BD6B20B0CD0F00352063 /* ControlViewView.xib in Resources */,
				18660E8D212A4EB3008CE80A /* ScheduleDetilesView.xib in Resources */,
				1846BD5E20B0BB9900352063 /* ScheduleCollectionViewCell.xib in Resources */,
				18CDEAFD2085BF3B00C627E7 /* DayCollectionViewCell.xib in Resources */,
				1846BD7420B0F71F00352063 /* LogInViewController.storyboard in Resources */,
				1846BD9020B3DBD700352063 /* ScheduleCollectionViewChangedCell.xib in Resources */,
				1846BDBF20BA1D3800352063 /* RecieveScheduleView.xib in Resources */,
				1846BD7020B0F0D000352063 /* ControlViewView.xcassets in Resources */,
				1846BD8C20B3B99400352063 /* Month_DayClassScheduleViewChengedCell.xcassets in Resources */,
				1846BD7220B0F6E600352063 /* FirstMailLoadViewController.storyboard in Resources */,
				18CDEB012085C15C00C627E7 /* ClassMarkCollectionViewCell.xib in Resources */,
				1846BDAD20B4CDFC00352063 /* AdMobView.xib in Resources */,
				1846BD4F20B0B7B900352063 /* ScheduleViewController.storyboard in Resources */,
				18E664F220A8FD42005F283D /* agreement-en.txt in Resources */,
				188FEB8D208D0D3A0053D2D2 /* ClassMarkOverCollectionViewCell.xib in Resources */,
				18E6650220A93B81005F283D /* SetScheduleViewController.storyboard in Resources */,
				18CDEAF12084844500C627E7 /* SVProgressHUD.bundle in Resources */,
				1846BD5920B0BA4F00352063 /* ScheduleDotwCollectionViewCell.xib in Resources */,
				180DB48A20ACB6970025A3DC /* SetScheduleViewColorSelectView.xib in Resources */,
				18E6651120AA5AF3005F283D /* SetScheduleNumberCollectionViewCell.xib in Resources */,
				18E664F520A8FEB4005F283D /* AgreementViewController.storyboard in Resources */,
				1846BD6E20B0DE3300352063 /* CalenderViewController.storyboard in Resources */,
				18C2FF8820BCCB920032FCD5 /* FirstViewController.xcassets in Resources */,
			);
			runOnlyForDeploymentPostprocessing = 0;
		};
		185FEE5620846E8100983663 /* Resources */ = {
			isa = PBXResourcesBuildPhase;
			buildActionMask = 2147483647;
			files = (
			);
			runOnlyForDeploymentPostprocessing = 0;
		};
		185FEE6120846E8100983663 /* Resources */ = {
			isa = PBXResourcesBuildPhase;
			buildActionMask = 2147483647;
			files = (
			);
			runOnlyForDeploymentPostprocessing = 0;
		};
/* End PBXResourcesBuildPhase section */

/* Begin PBXShellScriptBuildPhase section */
		3A93237397EB6130403B63FC /* [CP] Check Pods Manifest.lock */ = {
			isa = PBXShellScriptBuildPhase;
			buildActionMask = 2147483647;
			files = (
			);
			inputPaths = (
				"${PODS_PODFILE_DIR_PATH}/Podfile.lock",
				"${PODS_ROOT}/Manifest.lock",
			);
			name = "[CP] Check Pods Manifest.lock";
			outputPaths = (
				"$(DERIVED_FILE_DIR)/Pods-classic-checkManifestLockResult.txt",
			);
			runOnlyForDeploymentPostprocessing = 0;
			shellPath = /bin/sh;
			shellScript = "diff \"${PODS_PODFILE_DIR_PATH}/Podfile.lock\" \"${PODS_ROOT}/Manifest.lock\" > /dev/null\nif [ $? != 0 ] ; then\n    # print error to STDERR\n    echo \"error: The sandbox is not in sync with the Podfile.lock. Run 'pod install' or update your CocoaPods installation.\" >&2\n    exit 1\nfi\n# This output is used by Xcode 'outputs' to avoid re-running this script phase.\necho \"SUCCESS\" > \"${SCRIPT_OUTPUT_FILE_0}\"\n";
			showEnvVarsInLog = 0;
		};
		66CB8C002343593D372CAD3C /* [CP] Check Pods Manifest.lock */ = {
			isa = PBXShellScriptBuildPhase;
			buildActionMask = 2147483647;
			files = (
			);
			inputPaths = (
				"${PODS_PODFILE_DIR_PATH}/Podfile.lock",
				"${PODS_ROOT}/Manifest.lock",
			);
			name = "[CP] Check Pods Manifest.lock";
			outputPaths = (
				"$(DERIVED_FILE_DIR)/Pods-classicUITests-checkManifestLockResult.txt",
			);
			runOnlyForDeploymentPostprocessing = 0;
			shellPath = /bin/sh;
			shellScript = "diff \"${PODS_PODFILE_DIR_PATH}/Podfile.lock\" \"${PODS_ROOT}/Manifest.lock\" > /dev/null\nif [ $? != 0 ] ; then\n    # print error to STDERR\n    echo \"error: The sandbox is not in sync with the Podfile.lock. Run 'pod install' or update your CocoaPods installation.\" >&2\n    exit 1\nfi\n# This output is used by Xcode 'outputs' to avoid re-running this script phase.\necho \"SUCCESS\" > \"${SCRIPT_OUTPUT_FILE_0}\"\n";
			showEnvVarsInLog = 0;
		};
		6E331E7E9FFF6343F15C3294 /* [CP] Check Pods Manifest.lock */ = {
			isa = PBXShellScriptBuildPhase;
			buildActionMask = 2147483647;
			files = (
			);
			inputPaths = (
				"${PODS_PODFILE_DIR_PATH}/Podfile.lock",
				"${PODS_ROOT}/Manifest.lock",
			);
			name = "[CP] Check Pods Manifest.lock";
			outputPaths = (
				"$(DERIVED_FILE_DIR)/Pods-classicTests-checkManifestLockResult.txt",
			);
			runOnlyForDeploymentPostprocessing = 0;
			shellPath = /bin/sh;
			shellScript = "diff \"${PODS_PODFILE_DIR_PATH}/Podfile.lock\" \"${PODS_ROOT}/Manifest.lock\" > /dev/null\nif [ $? != 0 ] ; then\n    # print error to STDERR\n    echo \"error: The sandbox is not in sync with the Podfile.lock. Run 'pod install' or update your CocoaPods installation.\" >&2\n    exit 1\nfi\n# This output is used by Xcode 'outputs' to avoid re-running this script phase.\necho \"SUCCESS\" > \"${SCRIPT_OUTPUT_FILE_0}\"\n";
			showEnvVarsInLog = 0;
		};
/* End PBXShellScriptBuildPhase section */

/* Begin PBXSourcesBuildPhase section */
		185FEE4020846E8000983663 /* Sources */ = {
			isa = PBXSourcesBuildPhase;
			buildActionMask = 2147483647;
			files = (
				18E664EB20A8E259005F283D /* AgreementViewController.swift in Sources */,
				1846BDB020B63FA900352063 /* AutoLayoutView.swift in Sources */,
				185FEE4820846E8000983663 /* AppDelegate.swift in Sources */,
				18E6650A20AA56B6005F283D /* SetScheduleDayoftheweekCollectionViewCell.swift in Sources */,
				184EF3A02091B5C7009387A0 /* GetMail_Toba.swift in Sources */,
				18B8344A20CA03E2001CA92A /* ScheduleView.swift in Sources */,
				1846BD8E20B3DBCB00352063 /* ScheduleCollectionViewChangedCell.swift in Sources */,
				1890C914209E850000C7306C /* FirstMailLoadViewController.swift in Sources */,
				185FEE7820847A8900983663 /* LogInViewController.swift in Sources */,
				18F2A1F8208F0211000B388D /* FirstViewController.swift in Sources */,
				18E6650520A9583A005F283D /* SetScheduleCollectionViewCell.swift in Sources */,
				18B8344520C9FCD0001CA92A /* ScheduleDotwView.swift in Sources */,
				188FEB7C208AB0650053D2D2 /* GetMailManager.swift in Sources */,
				18CDEAF02084844500C627E7 /* SVIndefiniteAnimatedView.m in Sources */,
				1851CE0C20D2360A00E9FA08 /* GetMail_Demo.swift in Sources */,
				1846BD5820B0BA4F00352063 /* ScheduleNumberCollectionViewCell.swift in Sources */,
				18CDEAEF2084844500C627E7 /* SVProgressHUD.m in Sources */,
				18CDEAF52085BA0500C627E7 /* CalenderViewController.swift in Sources */,
				184EF39C2091AD56009387A0 /* GetMail_Toyohashi.swift in Sources */,
				1846BDB220B6614800352063 /* ShareScheduleViewController.swift in Sources */,
				18660E8B212A4EA5008CE80A /* ScheduleDetilesView.swift in Sources */,
				188FEB7A2089ACDD0053D2D2 /* DayoftheweekCollectionViewCell.swift in Sources */,
				18CDEB042087124800C627E7 /* DateManager.swift in Sources */,
				180DB49220ACD01F0025A3DC /* SetScheduleManager.swift in Sources */,
				184EF39620918C49009387A0 /* SchoolType.swift in Sources */,
				1846BD6120B0C74600352063 /* ScheduleDateManager.swift in Sources */,
				180DB48C20ACBC5A0025A3DC /* SetScheduleViewColorSelectViewCell.swift in Sources */,
				1846BD4D20B0B78C00352063 /* ScheduleViewController.swift in Sources */,
				18CDEAFB2085BF0E00C627E7 /* DayCollectionViewCell.swift in Sources */,
				188FEB8B208AEFF30053D2D2 /* ClassData.swift in Sources */,
				18F2A1EA208E879D000B388D /* Keychain.swift in Sources */,
				1846BD6920B0CD0300352063 /* ControlViewView.swift in Sources */,
				1846BD9520B4C70600352063 /* AdMobView.swift in Sources */,
				1846BD8220B1DC7500352063 /* Month_DayClassScheduleViewCell.swift in Sources */,
				185FEE7A20847CE200983663 /* LogInRequest.swift in Sources */,
				180DB48820ACB68A0025A3DC /* SetScheduleViewColorSelectView.swift in Sources */,
				18CDEAED2084844500C627E7 /* SVRadialGradientLayer.m in Sources */,
				1846BD7D20B1DA3700352063 /* Month_DayClassScheduleView.swift in Sources */,
				1864CD1222A48E870074774E /* Config.swift in Sources */,
				18E6651620AA779B005F283D /* SetScheduleView.swift in Sources */,
				18CDEAF72085BAAD00C627E7 /* MonthCollectionViewCell.swift in Sources */,
				18CDEAEE2084844500C627E7 /* SVProgressAnimatedView.m in Sources */,
				18E6650020A93B72005F283D /* SetScheduleViewController.swift in Sources */,
				1846BD5A20B0BA4F00352063 /* ScheduleDotwCollectionViewCell.swift in Sources */,
				1846BDB920B76DF800352063 /* RecieveScheduleView.swift in Sources */,
				1846BD7820B1464C00352063 /* SettingViewController.swift in Sources */,
				1846BD8720B3B78E00352063 /* Month_DayClassScheduleViewChengedCell.swift in Sources */,
				188FEB8F208D0DAA0053D2D2 /* ClassMarkOverCollectionViewCell.swift in Sources */,
				1846BD5F20B0BB9900352063 /* ScheduleCollectionViewCell.swift in Sources */,
				18CDEAFF2085C01800C627E7 /* ClassMarkCollectionViewCell.swift in Sources */,
				18E6650F20AA5AE3005F283D /* SetScheduleNumberCollectionViewCell.swift in Sources */,
			);
			runOnlyForDeploymentPostprocessing = 0;
		};
		185FEE5420846E8100983663 /* Sources */ = {
			isa = PBXSourcesBuildPhase;
			buildActionMask = 2147483647;
			files = (
				185FEE5D20846E8100983663 /* classicTests.swift in Sources */,
			);
			runOnlyForDeploymentPostprocessing = 0;
		};
		185FEE5F20846E8100983663 /* Sources */ = {
			isa = PBXSourcesBuildPhase;
			buildActionMask = 2147483647;
			files = (
				185FEE6820846E8100983663 /* classicUITests.swift in Sources */,
			);
			runOnlyForDeploymentPostprocessing = 0;
		};
/* End PBXSourcesBuildPhase section */

/* Begin PBXTargetDependency section */
		185FEE5A20846E8100983663 /* PBXTargetDependency */ = {
			isa = PBXTargetDependency;
			target = 185FEE4320846E8000983663 /* classic */;
			targetProxy = 185FEE5920846E8100983663 /* PBXContainerItemProxy */;
		};
		185FEE6520846E8100983663 /* PBXTargetDependency */ = {
			isa = PBXTargetDependency;
			target = 185FEE4320846E8000983663 /* classic */;
			targetProxy = 185FEE6420846E8100983663 /* PBXContainerItemProxy */;
		};
/* End PBXTargetDependency section */

/* Begin PBXVariantGroup section */
		1846BDC120BA1D3800352063 /* RecieveScheduleView.xib */ = {
			isa = PBXVariantGroup;
			children = (
				1846BDC020BA1D3800352063 /* Base */,
				1846BDC320BA1D6300352063 /* ja */,
			);
			name = RecieveScheduleView.xib;
			sourceTree = "<group>";
		};
		185FEE5020846E8100983663 /* LaunchScreen.storyboard */ = {
			isa = PBXVariantGroup;
			children = (
				185FEE5120846E8100983663 /* Base */,
				18E664F420A8FE3F005F283D /* ja */,
			);
			name = LaunchScreen.storyboard;
			sourceTree = "<group>";
		};
		18E664F720A8FEB4005F283D /* AgreementViewController.storyboard */ = {
			isa = PBXVariantGroup;
			children = (
				18E664F620A8FEB4005F283D /* Base */,
				18E664FB20A8FEBB005F283D /* ja */,
			);
			name = AgreementViewController.storyboard;
			sourceTree = "<group>";
		};
/* End PBXVariantGroup section */

/* Begin XCBuildConfiguration section */
		185FEE6A20846E8100983663 /* Debug */ = {
			isa = XCBuildConfiguration;
			buildSettings = {
				ALWAYS_SEARCH_USER_PATHS = NO;
				CLANG_ANALYZER_LOCALIZABILITY_NONLOCALIZED = YES;
				CLANG_ANALYZER_NONNULL = YES;
				CLANG_ANALYZER_NUMBER_OBJECT_CONVERSION = YES_AGGRESSIVE;
				CLANG_CXX_LANGUAGE_STANDARD = "gnu++14";
				CLANG_CXX_LIBRARY = "libc++";
				CLANG_ENABLE_MODULES = YES;
				CLANG_ENABLE_OBJC_ARC = YES;
				CLANG_ENABLE_OBJC_WEAK = YES;
				CLANG_WARN_BLOCK_CAPTURE_AUTORELEASING = YES;
				CLANG_WARN_BOOL_CONVERSION = YES;
				CLANG_WARN_COMMA = YES;
				CLANG_WARN_CONSTANT_CONVERSION = YES;
				CLANG_WARN_DEPRECATED_OBJC_IMPLEMENTATIONS = YES;
				CLANG_WARN_DIRECT_OBJC_ISA_USAGE = YES_ERROR;
				CLANG_WARN_DOCUMENTATION_COMMENTS = YES;
				CLANG_WARN_EMPTY_BODY = YES;
				CLANG_WARN_ENUM_CONVERSION = YES;
				CLANG_WARN_INFINITE_RECURSION = YES;
				CLANG_WARN_INT_CONVERSION = YES;
				CLANG_WARN_NON_LITERAL_NULL_CONVERSION = YES;
				CLANG_WARN_OBJC_IMPLICIT_RETAIN_SELF = YES;
				CLANG_WARN_OBJC_LITERAL_CONVERSION = YES;
				CLANG_WARN_OBJC_ROOT_CLASS = YES_ERROR;
				CLANG_WARN_RANGE_LOOP_ANALYSIS = YES;
				CLANG_WARN_STRICT_PROTOTYPES = YES;
				CLANG_WARN_SUSPICIOUS_MOVE = YES;
				CLANG_WARN_UNGUARDED_AVAILABILITY = YES_AGGRESSIVE;
				CLANG_WARN_UNREACHABLE_CODE = YES;
				CLANG_WARN__DUPLICATE_METHOD_MATCH = YES;
				CODE_SIGN_IDENTITY = "iPhone Developer";
				COPY_PHASE_STRIP = NO;
				DEBUG_INFORMATION_FORMAT = dwarf;
				ENABLE_STRICT_OBJC_MSGSEND = YES;
				ENABLE_TESTABILITY = YES;
				GCC_C_LANGUAGE_STANDARD = gnu11;
				GCC_DYNAMIC_NO_PIC = NO;
				GCC_NO_COMMON_BLOCKS = YES;
				GCC_OPTIMIZATION_LEVEL = 0;
				GCC_PREPROCESSOR_DEFINITIONS = (
					"DEBUG=1",
					"$(inherited)",
				);
				GCC_WARN_64_TO_32_BIT_CONVERSION = YES;
				GCC_WARN_ABOUT_RETURN_TYPE = YES_ERROR;
				GCC_WARN_UNDECLARED_SELECTOR = YES;
				GCC_WARN_UNINITIALIZED_AUTOS = YES_AGGRESSIVE;
				GCC_WARN_UNUSED_FUNCTION = YES;
				GCC_WARN_UNUSED_VARIABLE = YES;
				IPHONEOS_DEPLOYMENT_TARGET = 11.3;
				MTL_ENABLE_DEBUG_INFO = YES;
				ONLY_ACTIVE_ARCH = YES;
				SDKROOT = iphoneos;
				SWIFT_ACTIVE_COMPILATION_CONDITIONS = DEBUG;
				SWIFT_OPTIMIZATION_LEVEL = "-Onone";
			};
			name = Debug;
		};
		185FEE6B20846E8100983663 /* Release */ = {
			isa = XCBuildConfiguration;
			buildSettings = {
				ALWAYS_SEARCH_USER_PATHS = NO;
				CLANG_ANALYZER_LOCALIZABILITY_NONLOCALIZED = YES;
				CLANG_ANALYZER_NONNULL = YES;
				CLANG_ANALYZER_NUMBER_OBJECT_CONVERSION = YES_AGGRESSIVE;
				CLANG_CXX_LANGUAGE_STANDARD = "gnu++14";
				CLANG_CXX_LIBRARY = "libc++";
				CLANG_ENABLE_MODULES = YES;
				CLANG_ENABLE_OBJC_ARC = YES;
				CLANG_ENABLE_OBJC_WEAK = YES;
				CLANG_WARN_BLOCK_CAPTURE_AUTORELEASING = YES;
				CLANG_WARN_BOOL_CONVERSION = YES;
				CLANG_WARN_COMMA = YES;
				CLANG_WARN_CONSTANT_CONVERSION = YES;
				CLANG_WARN_DEPRECATED_OBJC_IMPLEMENTATIONS = YES;
				CLANG_WARN_DIRECT_OBJC_ISA_USAGE = YES_ERROR;
				CLANG_WARN_DOCUMENTATION_COMMENTS = YES;
				CLANG_WARN_EMPTY_BODY = YES;
				CLANG_WARN_ENUM_CONVERSION = YES;
				CLANG_WARN_INFINITE_RECURSION = YES;
				CLANG_WARN_INT_CONVERSION = YES;
				CLANG_WARN_NON_LITERAL_NULL_CONVERSION = YES;
				CLANG_WARN_OBJC_IMPLICIT_RETAIN_SELF = YES;
				CLANG_WARN_OBJC_LITERAL_CONVERSION = YES;
				CLANG_WARN_OBJC_ROOT_CLASS = YES_ERROR;
				CLANG_WARN_RANGE_LOOP_ANALYSIS = YES;
				CLANG_WARN_STRICT_PROTOTYPES = YES;
				CLANG_WARN_SUSPICIOUS_MOVE = YES;
				CLANG_WARN_UNGUARDED_AVAILABILITY = YES_AGGRESSIVE;
				CLANG_WARN_UNREACHABLE_CODE = YES;
				CLANG_WARN__DUPLICATE_METHOD_MATCH = YES;
				CODE_SIGN_IDENTITY = "iPhone Developer";
				COPY_PHASE_STRIP = NO;
				DEBUG_INFORMATION_FORMAT = "dwarf-with-dsym";
				ENABLE_NS_ASSERTIONS = NO;
				ENABLE_STRICT_OBJC_MSGSEND = YES;
				GCC_C_LANGUAGE_STANDARD = gnu11;
				GCC_NO_COMMON_BLOCKS = YES;
				GCC_WARN_64_TO_32_BIT_CONVERSION = YES;
				GCC_WARN_ABOUT_RETURN_TYPE = YES_ERROR;
				GCC_WARN_UNDECLARED_SELECTOR = YES;
				GCC_WARN_UNINITIALIZED_AUTOS = YES_AGGRESSIVE;
				GCC_WARN_UNUSED_FUNCTION = YES;
				GCC_WARN_UNUSED_VARIABLE = YES;
				IPHONEOS_DEPLOYMENT_TARGET = 11.3;
				MTL_ENABLE_DEBUG_INFO = NO;
				SDKROOT = iphoneos;
				SWIFT_COMPILATION_MODE = wholemodule;
				SWIFT_OPTIMIZATION_LEVEL = "-O";
				VALIDATE_PRODUCT = YES;
			};
			name = Release;
		};
		185FEE6D20846E8100983663 /* Debug */ = {
			isa = XCBuildConfiguration;
			baseConfigurationReference = 1BFAD50917BEF529D82DDADD /* Pods-classic.debug.xcconfig */;
			buildSettings = {
				ASSETCATALOG_COMPILER_APPICON_NAME = AppIcon;
				CODE_SIGN_STYLE = Automatic;
				DEVELOPMENT_TEAM = UF4PY56C4U;
				INFOPLIST_FILE = classic/Info.plist;
				IPHONEOS_DEPLOYMENT_TARGET = 10.0;
				LD_RUNPATH_SEARCH_PATHS = (
					"$(inherited)",
					"@executable_path/Frameworks",
				);
				PRODUCT_BUNDLE_IDENTIFIER = kaichan394.dev.ManagementClass;
				PRODUCT_NAME = "$(TARGET_NAME)";
				SWIFT_OBJC_BRIDGING_HEADER = "/Users/kaichan/Documents/Projects/Xcode/AppStore/ManagementClass/toyohashi-class-management/classic/classic-Bridging-Header.h";
				SWIFT_VERSION = 4.0;
				TARGETED_DEVICE_FAMILY = "1,2";
			};
			name = Debug;
		};
		185FEE6E20846E8100983663 /* Release */ = {
			isa = XCBuildConfiguration;
			baseConfigurationReference = CE409DB944010F3BC3DB4C99 /* Pods-classic.release.xcconfig */;
			buildSettings = {
				ASSETCATALOG_COMPILER_APPICON_NAME = AppIcon;
				CODE_SIGN_STYLE = Automatic;
				DEVELOPMENT_TEAM = UF4PY56C4U;
				INFOPLIST_FILE = classic/Info.plist;
				IPHONEOS_DEPLOYMENT_TARGET = 10.0;
				LD_RUNPATH_SEARCH_PATHS = (
					"$(inherited)",
					"@executable_path/Frameworks",
				);
				PRODUCT_BUNDLE_IDENTIFIER = kaichan394.dev.ManagementClass;
				PRODUCT_NAME = "$(TARGET_NAME)";
				SWIFT_OBJC_BRIDGING_HEADER = "/Users/kaichan/Documents/Projects/Xcode/AppStore/ManagementClass/toyohashi-class-management/classic/classic-Bridging-Header.h";
				SWIFT_OPTIMIZATION_LEVEL = "-O";
				SWIFT_VERSION = 4.0;
				TARGETED_DEVICE_FAMILY = "1,2";
			};
			name = Release;
		};
		185FEE7020846E8100983663 /* Debug */ = {
			isa = XCBuildConfiguration;
			baseConfigurationReference = DB188A7C43685A41ECE25257 /* Pods-classicTests.debug.xcconfig */;
			buildSettings = {
				ALWAYS_EMBED_SWIFT_STANDARD_LIBRARIES = YES;
				BUNDLE_LOADER = "$(TEST_HOST)";
				CODE_SIGN_STYLE = Automatic;
				DEVELOPMENT_TEAM = UF4PY56C4U;
				INFOPLIST_FILE = "toyohashi-class-managementTests/Info.plist";
				LD_RUNPATH_SEARCH_PATHS = (
					"$(inherited)",
					"@executable_path/Frameworks",
					"@loader_path/Frameworks",
				);
				PRODUCT_BUNDLE_IDENTIFIER = "kaichan394.dev.toyohashi-class-managementTests";
				PRODUCT_NAME = "$(TARGET_NAME)";
				SWIFT_VERSION = 4.0;
				TARGETED_DEVICE_FAMILY = "1,2";
				TEST_HOST = "$(BUILT_PRODUCTS_DIR)/classic.app/classic";
			};
			name = Debug;
		};
		185FEE7120846E8100983663 /* Release */ = {
			isa = XCBuildConfiguration;
			baseConfigurationReference = B69EAC72E4BC15B59EB80E8F /* Pods-classicTests.release.xcconfig */;
			buildSettings = {
				ALWAYS_EMBED_SWIFT_STANDARD_LIBRARIES = YES;
				BUNDLE_LOADER = "$(TEST_HOST)";
				CODE_SIGN_STYLE = Automatic;
				DEVELOPMENT_TEAM = UF4PY56C4U;
				INFOPLIST_FILE = "toyohashi-class-managementTests/Info.plist";
				LD_RUNPATH_SEARCH_PATHS = (
					"$(inherited)",
					"@executable_path/Frameworks",
					"@loader_path/Frameworks",
				);
				PRODUCT_BUNDLE_IDENTIFIER = "kaichan394.dev.toyohashi-class-managementTests";
				PRODUCT_NAME = "$(TARGET_NAME)";
				SWIFT_VERSION = 4.0;
				TARGETED_DEVICE_FAMILY = "1,2";
				TEST_HOST = "$(BUILT_PRODUCTS_DIR)/classic.app/classic";
			};
			name = Release;
		};
		185FEE7320846E8100983663 /* Debug */ = {
			isa = XCBuildConfiguration;
			baseConfigurationReference = 876ED6212DA51DF4E0045683 /* Pods-classicUITests.debug.xcconfig */;
			buildSettings = {
				ALWAYS_EMBED_SWIFT_STANDARD_LIBRARIES = YES;
				CODE_SIGN_STYLE = Automatic;
				DEVELOPMENT_TEAM = UF4PY56C4U;
				INFOPLIST_FILE = "toyohashi-class-managementUITests/Info.plist";
				LD_RUNPATH_SEARCH_PATHS = (
					"$(inherited)",
					"@executable_path/Frameworks",
					"@loader_path/Frameworks",
				);
				PRODUCT_BUNDLE_IDENTIFIER = "kaichan394.dev.toyohashi-class-managementUITests";
				PRODUCT_NAME = "$(TARGET_NAME)";
				SWIFT_VERSION = 4.0;
				TARGETED_DEVICE_FAMILY = "1,2";
				TEST_TARGET_NAME = "toyohashi-class-management";
			};
			name = Debug;
		};
		185FEE7420846E8100983663 /* Release */ = {
			isa = XCBuildConfiguration;
			baseConfigurationReference = 1BDD7175C601439778A1FB07 /* Pods-classicUITests.release.xcconfig */;
			buildSettings = {
				ALWAYS_EMBED_SWIFT_STANDARD_LIBRARIES = YES;
				CODE_SIGN_STYLE = Automatic;
				DEVELOPMENT_TEAM = UF4PY56C4U;
				INFOPLIST_FILE = "toyohashi-class-managementUITests/Info.plist";
				LD_RUNPATH_SEARCH_PATHS = (
					"$(inherited)",
					"@executable_path/Frameworks",
					"@loader_path/Frameworks",
				);
				PRODUCT_BUNDLE_IDENTIFIER = "kaichan394.dev.toyohashi-class-managementUITests";
				PRODUCT_NAME = "$(TARGET_NAME)";
				SWIFT_VERSION = 4.0;
				TARGETED_DEVICE_FAMILY = "1,2";
				TEST_TARGET_NAME = "toyohashi-class-management";
			};
			name = Release;
		};
/* End XCBuildConfiguration section */

/* Begin XCConfigurationList section */
		185FEE3F20846E8000983663 /* Build configuration list for PBXProject "classic" */ = {
			isa = XCConfigurationList;
			buildConfigurations = (
				185FEE6A20846E8100983663 /* Debug */,
				185FEE6B20846E8100983663 /* Release */,
			);
			defaultConfigurationIsVisible = 0;
			defaultConfigurationName = Release;
		};
		185FEE6C20846E8100983663 /* Build configuration list for PBXNativeTarget "classic" */ = {
			isa = XCConfigurationList;
			buildConfigurations = (
				185FEE6D20846E8100983663 /* Debug */,
				185FEE6E20846E8100983663 /* Release */,
			);
			defaultConfigurationIsVisible = 0;
			defaultConfigurationName = Release;
		};
		185FEE6F20846E8100983663 /* Build configuration list for PBXNativeTarget "classicTests" */ = {
			isa = XCConfigurationList;
			buildConfigurations = (
				185FEE7020846E8100983663 /* Debug */,
				185FEE7120846E8100983663 /* Release */,
			);
			defaultConfigurationIsVisible = 0;
			defaultConfigurationName = Release;
		};
		185FEE7220846E8100983663 /* Build configuration list for PBXNativeTarget "classicUITests" */ = {
			isa = XCConfigurationList;
			buildConfigurations = (
				185FEE7320846E8100983663 /* Debug */,
				185FEE7420846E8100983663 /* Release */,
			);
			defaultConfigurationIsVisible = 0;
			defaultConfigurationName = Release;
		};
/* End XCConfigurationList section */
	};
	rootObject = 185FEE3C20846E8000983663 /* Project object */;
}
